Microsoft Visual Studio Solution File, Format Version 11.00
# Visual Studio 2010
Project("{8BC9CEB8-8B4A-11D0-8D11-00A0C91BC942}") = "ALL_BUILD", "ALL_BUILD.vcxproj", "{035092D5-31F8-408D-ABF2-21A2DAAA17BA}"
	ProjectSection(ProjectDependencies) = postProject
		{720C2F89-E840-4872-887F-688C94A18FCB} = {720C2F89-E840-4872-887F-688C94A18FCB}
		{AC97AAEA-45B9-4E2A-9198-D4CB893DD02E} = {AC97AAEA-45B9-4E2A-9198-D4CB893DD02E}
		{A901E467-0A5F-4C55-BDD6-476447E14FF8} = {A901E467-0A5F-4C55-BDD6-476447E14FF8}
		{711C0723-C400-42DD-85F6-5766BF971DA1} = {711C0723-C400-42DD-85F6-5766BF971DA1}
		{2C3FD510-D3A3-43E3-BE55-2AB5C1806B6F} = {2C3FD510-D3A3-43E3-BE55-2AB5C1806B6F}
		{9D4D5487-3D5C-4AA3-86BE-C1D685FB7662} = {9D4D5487-3D5C-4AA3-86BE-C1D685FB7662}
		{19ABCB56-4744-4265-86E7-43033924A35B} = {19ABCB56-4744-4265-86E7-43033924A35B}
		{2C02C911-D261-46BB-837E-1A756BA733ED} = {2C02C911-D261-46BB-837E-1A756BA733ED}
		{DCF56D80-6F66-4D4F-9806-55D1313ABA1D} = {DCF56D80-6F66-4D4F-9806-55D1313ABA1D}
		{FA2A815F-78F3-4AA3-8CEA-20184470F1FA} = {FA2A815F-78F3-4AA3-8CEA-20184470F1FA}
		{30F7CD8A-0412-4481-97B9-6F729F1C0D71} = {30F7CD8A-0412-4481-97B9-6F729F1C0D71}
		{ADE808EA-C7D6-495C-8223-0BB0AD10AC7B} = {ADE808EA-C7D6-495C-8223-0BB0AD10AC7B}
		{2B86A776-3663-4E0D-A39A-9D1081A3575D} = {2B86A776-3663-4E0D-A39A-9D1081A3575D}
		{09FB7CB9-905E-430C-AE0F-76D361989C8E} = {09FB7CB9-905E-430C-AE0F-76D361989C8E}
		{5EF5CBD8-C0D3-4A91-A918-8EA0CE62C275} = {5EF5CBD8-C0D3-4A91-A918-8EA0CE62C275}
		{631005F2-B8EE-4AFD-9872-00CE6F129C56} = {631005F2-B8EE-4AFD-9872-00CE6F129C56}
		{B4536564-AAC8-4CF0-8FF9-05540A055329} = {B4536564-AAC8-4CF0-8FF9-05540A055329}
		{0435FCA8-24A4-4727-86AE-BD514C04E012} = {0435FCA8-24A4-4727-86AE-BD514C04E012}
		{54598632-E9BF-4A9E-8E6F-7D47CB6F3A06} = {54598632-E9BF-4A9E-8E6F-7D47CB6F3A06}
		{D9D80E8D-310E-44FE-8217-C1624FAB0EE8} = {D9D80E8D-310E-44FE-8217-C1624FAB0EE8}
		{EA07127B-B1B7-4B26-8F3B-C17FEEE432E1} = {EA07127B-B1B7-4B26-8F3B-C17FEEE432E1}
		{62BD42D9-1B5E-4C9F-95A3-1AC5C6857303} = {62BD42D9-1B5E-4C9F-95A3-1AC5C6857303}
		{764824A3-B677-473E-B9B0-A717E33E39CE} = {764824A3-B677-473E-B9B0-A717E33E39CE}
		{B067084C-6E2B-425B-B8E5-DD2CE5E48611} = {B067084C-6E2B-425B-B8E5-DD2CE5E48611}
		{1C98F00F-0D7D-4B53-9C6F-A922A95FF646} = {1C98F00F-0D7D-4B53-9C6F-A922A95FF646}
		{B21D2719-B4D7-48D0-BB11-807CE8883EF0} = {B21D2719-B4D7-48D0-BB11-807CE8883EF0}
		{6B18DBFF-A7C4-4EF1-9D85-C98CE4272A40} = {6B18DBFF-A7C4-4EF1-9D85-C98CE4272A40}
		{623EF35A-9DFE-431B-A287-F85FDACE81D3} = {623EF35A-9DFE-431B-A287-F85FDACE81D3}
		{534D04DE-48B6-45DA-AAB3-DE4158BFE397} = {534D04DE-48B6-45DA-AAB3-DE4158BFE397}
		{3C733959-5009-4CC5-B452-25739CD8F68F} = {3C733959-5009-4CC5-B452-25739CD8F68F}
		{88A403FD-4705-4C8F-B14E-8EF7AC742B31} = {88A403FD-4705-4C8F-B14E-8EF7AC742B31}
		{EFA5B81D-CEC8-4986-8E9A-01F48D1B8A5C} = {EFA5B81D-CEC8-4986-8E9A-01F48D1B8A5C}
		{FE4D8C9F-753A-4EBA-9EA8-D4124C2514FF} = {FE4D8C9F-753A-4EBA-9EA8-D4124C2514FF}
		{DE7D5F86-230B-47CA-A9AC-A43FEA8EB77C} = {DE7D5F86-230B-47CA-A9AC-A43FEA8EB77C}
		{790B2939-38AD-4DAF-B4CC-01073C8923FF} = {790B2939-38AD-4DAF-B4CC-01073C8923FF}
		{3D674CF1-2133-45F3-BF6D-5D12147CD875} = {3D674CF1-2133-45F3-BF6D-5D12147CD875}
		{623E594D-FE93-4FF2-A4C1-B1C30D81782E} = {623E594D-FE93-4FF2-A4C1-B1C30D81782E}
		{6286C216-D3F1-4E15-BCEB-8ADA0FB412A1} = {6286C216-D3F1-4E15-BCEB-8ADA0FB412A1}
		{4C0C9C5C-2813-4961-ADA3-383D9A7DE21F} = {4C0C9C5C-2813-4961-ADA3-383D9A7DE21F}
		{9A016D29-069A-4FCF-A039-D1EE0575CD8B} = {9A016D29-069A-4FCF-A039-D1EE0575CD8B}
		{7257529F-202E-412B-A4FF-6E7F4D55DB42} = {7257529F-202E-412B-A4FF-6E7F4D55DB42}
		{F99EC664-71DC-447A-82D8-FA6D8AF89C83} = {F99EC664-71DC-447A-82D8-FA6D8AF89C83}
		{0AF5761C-C0AB-4CE3-A07B-F3C309B47E3D} = {0AF5761C-C0AB-4CE3-A07B-F3C309B47E3D}
		{186688CC-6FCD-4292-A309-4CC77FCF4216} = {186688CC-6FCD-4292-A309-4CC77FCF4216}
		{8CD8EDFB-AE75-4782-A3C7-3F0DA4214FCE} = {8CD8EDFB-AE75-4782-A3C7-3F0DA4214FCE}
		{23CD3E08-81A3-4C89-B5DC-49B9006EED5F} = {23CD3E08-81A3-4C89-B5DC-49B9006EED5F}
		{E633FF2F-BEAB-448C-B642-36FD96431D2F} = {E633FF2F-BEAB-448C-B642-36FD96431D2F}
		{77249E73-C120-44FB-9A12-4359C458212D} = {77249E73-C120-44FB-9A12-4359C458212D}
		{2E6E12D8-DE13-4C8F-B36B-FBD91B4672B4} = {2E6E12D8-DE13-4C8F-B36B-FBD91B4672B4}
		{D27BAB8E-9882-45F9-83D3-1DF095381B40} = {D27BAB8E-9882-45F9-83D3-1DF095381B40}
		{77DD91D1-1B70-4386-802F-50C35D4F015C} = {77DD91D1-1B70-4386-802F-50C35D4F015C}
		{B649BEFF-D49D-4FA6-909C-1B5404D3DCFC} = {B649BEFF-D49D-4FA6-909C-1B5404D3DCFC}
		{5A234C33-32C4-4788-B314-AE138BA1144A} = {5A234C33-32C4-4788-B314-AE138BA1144A}
		{127F4BEA-337E-4CEE-B9FB-57E2D447593B} = {127F4BEA-337E-4CEE-B9FB-57E2D447593B}
		{39E90397-2BF1-41B6-BC31-7FC3D9900343} = {39E90397-2BF1-41B6-BC31-7FC3D9900343}
		{49BCAEE2-E878-4B09-9DA9-33DC05B896A6} = {49BCAEE2-E878-4B09-9DA9-33DC05B896A6}
		{65047878-12AB-49A2-BC0C-E5EFF6948B1E} = {65047878-12AB-49A2-BC0C-E5EFF6948B1E}
		{AF833348-0329-4FD9-90E1-23C2D0CD9D3B} = {AF833348-0329-4FD9-90E1-23C2D0CD9D3B}
		{0CD25764-96B0-46A9-B8D4-8E69A482F39E} = {0CD25764-96B0-46A9-B8D4-8E69A482F39E}
		{3B950304-0631-4BEA-AB67-BBFD03AB771A} = {3B950304-0631-4BEA-AB67-BBFD03AB771A}
	EndProjectSection
EndProject
Project("{8BC9CEB8-8B4A-11D0-8D11-00A0C91BC942}") = "AppAllBulletDemos", "Demos\AllBulletDemos\AppAllBulletDemos.vcxproj", "{720C2F89-E840-4872-887F-688C94A18FCB}"
	ProjectSection(ProjectDependencies) = postProject
		{8CD8EDFB-AE75-4782-A3C7-3F0DA4214FCE} = {8CD8EDFB-AE75-4782-A3C7-3F0DA4214FCE}
		{23CD3E08-81A3-4C89-B5DC-49B9006EED5F} = {23CD3E08-81A3-4C89-B5DC-49B9006EED5F}
		{E633FF2F-BEAB-448C-B642-36FD96431D2F} = {E633FF2F-BEAB-448C-B642-36FD96431D2F}
		{2E6E12D8-DE13-4C8F-B36B-FBD91B4672B4} = {2E6E12D8-DE13-4C8F-B36B-FBD91B4672B4}
		{77DD91D1-1B70-4386-802F-50C35D4F015C} = {77DD91D1-1B70-4386-802F-50C35D4F015C}
		{5A234C33-32C4-4788-B314-AE138BA1144A} = {5A234C33-32C4-4788-B314-AE138BA1144A}
		{127F4BEA-337E-4CEE-B9FB-57E2D447593B} = {127F4BEA-337E-4CEE-B9FB-57E2D447593B}
		{39E90397-2BF1-41B6-BC31-7FC3D9900343} = {39E90397-2BF1-41B6-BC31-7FC3D9900343}
		{49BCAEE2-E878-4B09-9DA9-33DC05B896A6} = {49BCAEE2-E878-4B09-9DA9-33DC05B896A6}
		{65047878-12AB-49A2-BC0C-E5EFF6948B1E} = {65047878-12AB-49A2-BC0C-E5EFF6948B1E}
		{0CD25764-96B0-46A9-B8D4-8E69A482F39E} = {0CD25764-96B0-46A9-B8D4-8E69A482F39E}
		{3B950304-0631-4BEA-AB67-BBFD03AB771A} = {3B950304-0631-4BEA-AB67-BBFD03AB771A}
	EndProjectSection
EndProject
Project("{8BC9CEB8-8B4A-11D0-8D11-00A0C91BC942}") = "AppBasicDemo", "Demos\BasicDemo\AppBasicDemo.vcxproj", "{AC97AAEA-45B9-4E2A-9198-D4CB893DD02E}"
	ProjectSection(ProjectDependencies) = postProject
		{8CD8EDFB-AE75-4782-A3C7-3F0DA4214FCE} = {8CD8EDFB-AE75-4782-A3C7-3F0DA4214FCE}
		{23CD3E08-81A3-4C89-B5DC-49B9006EED5F} = {23CD3E08-81A3-4C89-B5DC-49B9006EED5F}
		{65047878-12AB-49A2-BC0C-E5EFF6948B1E} = {65047878-12AB-49A2-BC0C-E5EFF6948B1E}
		{0CD25764-96B0-46A9-B8D4-8E69A482F39E} = {0CD25764-96B0-46A9-B8D4-8E69A482F39E}
		{3B950304-0631-4BEA-AB67-BBFD03AB771A} = {3B950304-0631-4BEA-AB67-BBFD03AB771A}
	EndProjectSection
EndProject
Project("{8BC9CEB8-8B4A-11D0-8D11-00A0C91BC942}") = "AppBenchmarks", "Demos\Benchmarks\AppBenchmarks.vcxproj", "{A901E467-0A5F-4C55-BDD6-476447E14FF8}"
	ProjectSection(ProjectDependencies) = postProject
		{8CD8EDFB-AE75-4782-A3C7-3F0DA4214FCE} = {8CD8EDFB-AE75-4782-A3C7-3F0DA4214FCE}
		{23CD3E08-81A3-4C89-B5DC-49B9006EED5F} = {23CD3E08-81A3-4C89-B5DC-49B9006EED5F}
		{65047878-12AB-49A2-BC0C-E5EFF6948B1E} = {65047878-12AB-49A2-BC0C-E5EFF6948B1E}
		{3B950304-0631-4BEA-AB67-BBFD03AB771A} = {3B950304-0631-4BEA-AB67-BBFD03AB771A}
	EndProjectSection
EndProject
Project("{8BC9CEB8-8B4A-11D0-8D11-00A0C91BC942}") = "AppBox2dDemo", "Demos\Box2dDemo\AppBox2dDemo.vcxproj", "{711C0723-C400-42DD-85F6-5766BF971DA1}"
	ProjectSection(ProjectDependencies) = postProject
		{8CD8EDFB-AE75-4782-A3C7-3F0DA4214FCE} = {8CD8EDFB-AE75-4782-A3C7-3F0DA4214FCE}
		{23CD3E08-81A3-4C89-B5DC-49B9006EED5F} = {23CD3E08-81A3-4C89-B5DC-49B9006EED5F}
		{65047878-12AB-49A2-BC0C-E5EFF6948B1E} = {65047878-12AB-49A2-BC0C-E5EFF6948B1E}
		{0CD25764-96B0-46A9-B8D4-8E69A482F39E} = {0CD25764-96B0-46A9-B8D4-8E69A482F39E}
		{3B950304-0631-4BEA-AB67-BBFD03AB771A} = {3B950304-0631-4BEA-AB67-BBFD03AB771A}
	EndProjectSection
EndProject
Project("{8BC9CEB8-8B4A-11D0-8D11-00A0C91BC942}") = "AppBspPhysicsDemo", "Demos\BspDemo\AppBspPhysicsDemo.vcxproj", "{2C3FD510-D3A3-43E3-BE55-2AB5C1806B6F}"
	ProjectSection(ProjectDependencies) = postProject
		{8CD8EDFB-AE75-4782-A3C7-3F0DA4214FCE} = {8CD8EDFB-AE75-4782-A3C7-3F0DA4214FCE}
		{23CD3E08-81A3-4C89-B5DC-49B9006EED5F} = {23CD3E08-81A3-4C89-B5DC-49B9006EED5F}
		{65047878-12AB-49A2-BC0C-E5EFF6948B1E} = {65047878-12AB-49A2-BC0C-E5EFF6948B1E}
		{0CD25764-96B0-46A9-B8D4-8E69A482F39E} = {0CD25764-96B0-46A9-B8D4-8E69A482F39E}
		{3B950304-0631-4BEA-AB67-BBFD03AB771A} = {3B950304-0631-4BEA-AB67-BBFD03AB771A}
	EndProjectSection
EndProject
Project("{8BC9CEB8-8B4A-11D0-8D11-00A0C91BC942}") = "AppBulletXmlImportDemo", "Demos\BulletXmlImportDemo\AppBulletXmlImportDemo.vcxproj", "{9D4D5487-3D5C-4AA3-86BE-C1D685FB7662}"
	ProjectSection(ProjectDependencies) = postProject
		{8CD8EDFB-AE75-4782-A3C7-3F0DA4214FCE} = {8CD8EDFB-AE75-4782-A3C7-3F0DA4214FCE}
		{23CD3E08-81A3-4C89-B5DC-49B9006EED5F} = {23CD3E08-81A3-4C89-B5DC-49B9006EED5F}
		{E633FF2F-BEAB-448C-B642-36FD96431D2F} = {E633FF2F-BEAB-448C-B642-36FD96431D2F}
		{2E6E12D8-DE13-4C8F-B36B-FBD91B4672B4} = {2E6E12D8-DE13-4C8F-B36B-FBD91B4672B4}
		{77DD91D1-1B70-4386-802F-50C35D4F015C} = {77DD91D1-1B70-4386-802F-50C35D4F015C}
		{B649BEFF-D49D-4FA6-909C-1B5404D3DCFC} = {B649BEFF-D49D-4FA6-909C-1B5404D3DCFC}
		{65047878-12AB-49A2-BC0C-E5EFF6948B1E} = {65047878-12AB-49A2-BC0C-E5EFF6948B1E}
		{0CD25764-96B0-46A9-B8D4-8E69A482F39E} = {0CD25764-96B0-46A9-B8D4-8E69A482F39E}
		{3B950304-0631-4BEA-AB67-BBFD03AB771A} = {3B950304-0631-4BEA-AB67-BBFD03AB771A}
	EndProjectSection
EndProject
Project("{8BC9CEB8-8B4A-11D0-8D11-00A0C91BC942}") = "AppCcdPhysicsDemo", "Demos\CcdPhysicsDemo\AppCcdPhysicsDemo.vcxproj", "{19ABCB56-4744-4265-86E7-43033924A35B}"
	ProjectSection(ProjectDependencies) = postProject
		{8CD8EDFB-AE75-4782-A3C7-3F0DA4214FCE} = {8CD8EDFB-AE75-4782-A3C7-3F0DA4214FCE}
		{23CD3E08-81A3-4C89-B5DC-49B9006EED5F} = {23CD3E08-81A3-4C89-B5DC-49B9006EED5F}
		{65047878-12AB-49A2-BC0C-E5EFF6948B1E} = {65047878-12AB-49A2-BC0C-E5EFF6948B1E}
		{0CD25764-96B0-46A9-B8D4-8E69A482F39E} = {0CD25764-96B0-46A9-B8D4-8E69A482F39E}
		{3B950304-0631-4BEA-AB67-BBFD03AB771A} = {3B950304-0631-4BEA-AB67-BBFD03AB771A}
	EndProjectSection
EndProject
Project("{8BC9CEB8-8B4A-11D0-8D11-00A0C91BC942}") = "AppCharacterDemo", "Demos\CharacterDemo\AppCharacterDemo.vcxproj", "{2C02C911-D261-46BB-837E-1A756BA733ED}"
	ProjectSection(ProjectDependencies) = postProject
		{8CD8EDFB-AE75-4782-A3C7-3F0DA4214FCE} = {8CD8EDFB-AE75-4782-A3C7-3F0DA4214FCE}
		{23CD3E08-81A3-4C89-B5DC-49B9006EED5F} = {23CD3E08-81A3-4C89-B5DC-49B9006EED5F}
		{65047878-12AB-49A2-BC0C-E5EFF6948B1E} = {65047878-12AB-49A2-BC0C-E5EFF6948B1E}
		{0CD25764-96B0-46A9-B8D4-8E69A482F39E} = {0CD25764-96B0-46A9-B8D4-8E69A482F39E}
		{3B950304-0631-4BEA-AB67-BBFD03AB771A} = {3B950304-0631-4BEA-AB67-BBFD03AB771A}
	EndProjectSection
EndProject
Project("{8BC9CEB8-8B4A-11D0-8D11-00A0C91BC942}") = "AppCollisionDemo", "Demos\CollisionDemo\AppCollisionDemo.vcxproj", "{DCF56D80-6F66-4D4F-9806-55D1313ABA1D}"
	ProjectSection(ProjectDependencies) = postProject
		{8CD8EDFB-AE75-4782-A3C7-3F0DA4214FCE} = {8CD8EDFB-AE75-4782-A3C7-3F0DA4214FCE}
		{23CD3E08-81A3-4C89-B5DC-49B9006EED5F} = {23CD3E08-81A3-4C89-B5DC-49B9006EED5F}
		{65047878-12AB-49A2-BC0C-E5EFF6948B1E} = {65047878-12AB-49A2-BC0C-E5EFF6948B1E}
		{0CD25764-96B0-46A9-B8D4-8E69A482F39E} = {0CD25764-96B0-46A9-B8D4-8E69A482F39E}
		{3B950304-0631-4BEA-AB67-BBFD03AB771A} = {3B950304-0631-4BEA-AB67-BBFD03AB771A}
	EndProjectSection
EndProject
Project("{8BC9CEB8-8B4A-11D0-8D11-00A0C91BC942}") = "AppCollisionInterfaceDemo", "Demos\CollisionInterfaceDemo\AppCollisionInterfaceDemo.vcxproj", "{FA2A815F-78F3-4AA3-8CEA-20184470F1FA}"
	ProjectSection(ProjectDependencies) = postProject
		{8CD8EDFB-AE75-4782-A3C7-3F0DA4214FCE} = {8CD8EDFB-AE75-4782-A3C7-3F0DA4214FCE}
		{23CD3E08-81A3-4C89-B5DC-49B9006EED5F} = {23CD3E08-81A3-4C89-B5DC-49B9006EED5F}
		{65047878-12AB-49A2-BC0C-E5EFF6948B1E} = {65047878-12AB-49A2-BC0C-E5EFF6948B1E}
		{0CD25764-96B0-46A9-B8D4-8E69A482F39E} = {0CD25764-96B0-46A9-B8D4-8E69A482F39E}
		{3B950304-0631-4BEA-AB67-BBFD03AB771A} = {3B950304-0631-4BEA-AB67-BBFD03AB771A}
	EndProjectSection
EndProject
Project("{8BC9CEB8-8B4A-11D0-8D11-00A0C91BC942}") = "AppConcaveConvexCastDemo", "Demos\ConcaveConvexcastDemo\AppConcaveConvexCastDemo.vcxproj", "{30F7CD8A-0412-4481-97B9-6F729F1C0D71}"
	ProjectSection(ProjectDependencies) = postProject
		{8CD8EDFB-AE75-4782-A3C7-3F0DA4214FCE} = {8CD8EDFB-AE75-4782-A3C7-3F0DA4214FCE}
		{23CD3E08-81A3-4C89-B5DC-49B9006EED5F} = {23CD3E08-81A3-4C89-B5DC-49B9006EED5F}
		{65047878-12AB-49A2-BC0C-E5EFF6948B1E} = {65047878-12AB-49A2-BC0C-E5EFF6948B1E}
		{0CD25764-96B0-46A9-B8D4-8E69A482F39E} = {0CD25764-96B0-46A9-B8D4-8E69A482F39E}
		{3B950304-0631-4BEA-AB67-BBFD03AB771A} = {3B950304-0631-4BEA-AB67-BBFD03AB771A}
	EndProjectSection
EndProject
Project("{8BC9CEB8-8B4A-11D0-8D11-00A0C91BC942}") = "AppConcaveDemo", "Demos\ConcaveDemo\AppConcaveDemo.vcxproj", "{ADE808EA-C7D6-495C-8223-0BB0AD10AC7B}"
	ProjectSection(ProjectDependencies) = postProject
		{8CD8EDFB-AE75-4782-A3C7-3F0DA4214FCE} = {8CD8EDFB-AE75-4782-A3C7-3F0DA4214FCE}
		{23CD3E08-81A3-4C89-B5DC-49B9006EED5F} = {23CD3E08-81A3-4C89-B5DC-49B9006EED5F}
		{E633FF2F-BEAB-448C-B642-36FD96431D2F} = {E633FF2F-BEAB-448C-B642-36FD96431D2F}
		{77DD91D1-1B70-4386-802F-50C35D4F015C} = {77DD91D1-1B70-4386-802F-50C35D4F015C}
		{65047878-12AB-49A2-BC0C-E5EFF6948B1E} = {65047878-12AB-49A2-BC0C-E5EFF6948B1E}
		{0CD25764-96B0-46A9-B8D4-8E69A482F39E} = {0CD25764-96B0-46A9-B8D4-8E69A482F39E}
		{3B950304-0631-4BEA-AB67-BBFD03AB771A} = {3B950304-0631-4BEA-AB67-BBFD03AB771A}
	EndProjectSection
EndProject
Project("{8BC9CEB8-8B4A-11D0-8D11-00A0C91BC942}") = "AppConcaveRayCastDemo", "Demos\ConcaveRaycastDemo\AppConcaveRayCastDemo.vcxproj", "{2B86A776-3663-4E0D-A39A-9D1081A3575D}"
	ProjectSection(ProjectDependencies) = postProject
		{8CD8EDFB-AE75-4782-A3C7-3F0DA4214FCE} = {8CD8EDFB-AE75-4782-A3C7-3F0DA4214FCE}
		{23CD3E08-81A3-4C89-B5DC-49B9006EED5F} = {23CD3E08-81A3-4C89-B5DC-49B9006EED5F}
		{65047878-12AB-49A2-BC0C-E5EFF6948B1E} = {65047878-12AB-49A2-BC0C-E5EFF6948B1E}
		{0CD25764-96B0-46A9-B8D4-8E69A482F39E} = {0CD25764-96B0-46A9-B8D4-8E69A482F39E}
		{3B950304-0631-4BEA-AB67-BBFD03AB771A} = {3B950304-0631-4BEA-AB67-BBFD03AB771A}
	EndProjectSection
EndProject
Project("{8BC9CEB8-8B4A-11D0-8D11-00A0C91BC942}") = "AppConstraintDemo", "Demos\ConstraintDemo\AppConstraintDemo.vcxproj", "{09FB7CB9-905E-430C-AE0F-76D361989C8E}"
	ProjectSection(ProjectDependencies) = postProject
		{8CD8EDFB-AE75-4782-A3C7-3F0DA4214FCE} = {8CD8EDFB-AE75-4782-A3C7-3F0DA4214FCE}
		{23CD3E08-81A3-4C89-B5DC-49B9006EED5F} = {23CD3E08-81A3-4C89-B5DC-49B9006EED5F}
		{E633FF2F-BEAB-448C-B642-36FD96431D2F} = {E633FF2F-BEAB-448C-B642-36FD96431D2F}
		{77DD91D1-1B70-4386-802F-50C35D4F015C} = {77DD91D1-1B70-4386-802F-50C35D4F015C}
		{65047878-12AB-49A2-BC0C-E5EFF6948B1E} = {65047878-12AB-49A2-BC0C-E5EFF6948B1E}
		{0CD25764-96B0-46A9-B8D4-8E69A482F39E} = {0CD25764-96B0-46A9-B8D4-8E69A482F39E}
		{3B950304-0631-4BEA-AB67-BBFD03AB771A} = {3B950304-0631-4BEA-AB67-BBFD03AB771A}
	EndProjectSection
EndProject
Project("{8BC9CEB8-8B4A-11D0-8D11-00A0C91BC942}") = "AppContinuousConvexCollisionDemo", "Demos\ContinuousConvexCollision\AppContinuousConvexCollisionDemo.vcxproj", "{5EF5CBD8-C0D3-4A91-A918-8EA0CE62C275}"
	ProjectSection(ProjectDependencies) = postProject
		{8CD8EDFB-AE75-4782-A3C7-3F0DA4214FCE} = {8CD8EDFB-AE75-4782-A3C7-3F0DA4214FCE}
		{23CD3E08-81A3-4C89-B5DC-49B9006EED5F} = {23CD3E08-81A3-4C89-B5DC-49B9006EED5F}
		{65047878-12AB-49A2-BC0C-E5EFF6948B1E} = {65047878-12AB-49A2-BC0C-E5EFF6948B1E}
		{0CD25764-96B0-46A9-B8D4-8E69A482F39E} = {0CD25764-96B0-46A9-B8D4-8E69A482F39E}
		{3B950304-0631-4BEA-AB67-BBFD03AB771A} = {3B950304-0631-4BEA-AB67-BBFD03AB771A}
	EndProjectSection
EndProject
Project("{8BC9CEB8-8B4A-11D0-8D11-00A0C91BC942}") = "AppConvexDecompositionDemo", "Demos\ConvexDecompositionDemo\AppConvexDecompositionDemo.vcxproj", "{631005F2-B8EE-4AFD-9872-00CE6F129C56}"
	ProjectSection(ProjectDependencies) = postProject
		{8CD8EDFB-AE75-4782-A3C7-3F0DA4214FCE} = {8CD8EDFB-AE75-4782-A3C7-3F0DA4214FCE}
		{23CD3E08-81A3-4C89-B5DC-49B9006EED5F} = {23CD3E08-81A3-4C89-B5DC-49B9006EED5F}
		{E633FF2F-BEAB-448C-B642-36FD96431D2F} = {E633FF2F-BEAB-448C-B642-36FD96431D2F}
		{77DD91D1-1B70-4386-802F-50C35D4F015C} = {77DD91D1-1B70-4386-802F-50C35D4F015C}
		{5A234C33-32C4-4788-B314-AE138BA1144A} = {5A234C33-32C4-4788-B314-AE138BA1144A}
		{49BCAEE2-E878-4B09-9DA9-33DC05B896A6} = {49BCAEE2-E878-4B09-9DA9-33DC05B896A6}
		{65047878-12AB-49A2-BC0C-E5EFF6948B1E} = {65047878-12AB-49A2-BC0C-E5EFF6948B1E}
		{0CD25764-96B0-46A9-B8D4-8E69A482F39E} = {0CD25764-96B0-46A9-B8D4-8E69A482F39E}
		{3B950304-0631-4BEA-AB67-BBFD03AB771A} = {3B950304-0631-4BEA-AB67-BBFD03AB771A}
	EndProjectSection
EndProject
Project("{8BC9CEB8-8B4A-11D0-8D11-00A0C91BC942}") = "AppConvexHullDistanceDemo", "Demos\ConvexHullDistance\AppConvexHullDistanceDemo.vcxproj", "{B4536564-AAC8-4CF0-8FF9-05540A055329}"
	ProjectSection(ProjectDependencies) = postProject
		{8CD8EDFB-AE75-4782-A3C7-3F0DA4214FCE} = {8CD8EDFB-AE75-4782-A3C7-3F0DA4214FCE}
		{23CD3E08-81A3-4C89-B5DC-49B9006EED5F} = {23CD3E08-81A3-4C89-B5DC-49B9006EED5F}
		{65047878-12AB-49A2-BC0C-E5EFF6948B1E} = {65047878-12AB-49A2-BC0C-E5EFF6948B1E}
		{0CD25764-96B0-46A9-B8D4-8E69A482F39E} = {0CD25764-96B0-46A9-B8D4-8E69A482F39E}
		{3B950304-0631-4BEA-AB67-BBFD03AB771A} = {3B950304-0631-4BEA-AB67-BBFD03AB771A}
	EndProjectSection
EndProject
Project("{8BC9CEB8-8B4A-11D0-8D11-00A0C91BC942}") = "AppDoublePrecisionDemo", "Demos\DoublePrecisionDemo\AppDoublePrecisionDemo.vcxproj", "{0435FCA8-24A4-4727-86AE-BD514C04E012}"
	ProjectSection(ProjectDependencies) = postProject
		{8CD8EDFB-AE75-4782-A3C7-3F0DA4214FCE} = {8CD8EDFB-AE75-4782-A3C7-3F0DA4214FCE}
		{23CD3E08-81A3-4C89-B5DC-49B9006EED5F} = {23CD3E08-81A3-4C89-B5DC-49B9006EED5F}
		{65047878-12AB-49A2-BC0C-E5EFF6948B1E} = {65047878-12AB-49A2-BC0C-E5EFF6948B1E}
		{0CD25764-96B0-46A9-B8D4-8E69A482F39E} = {0CD25764-96B0-46A9-B8D4-8E69A482F39E}
		{3B950304-0631-4BEA-AB67-BBFD03AB771A} = {3B950304-0631-4BEA-AB67-BBFD03AB771A}
	EndProjectSection
EndProject
Project("{8BC9CEB8-8B4A-11D0-8D11-00A0C91BC942}") = "AppForkLiftDemo", "Demos\ForkLiftDemo\AppForkLiftDemo.vcxproj", "{54598632-E9BF-4A9E-8E6F-7D47CB6F3A06}"
	ProjectSection(ProjectDependencies) = postProject
		{8CD8EDFB-AE75-4782-A3C7-3F0DA4214FCE} = {8CD8EDFB-AE75-4782-A3C7-3F0DA4214FCE}
		{23CD3E08-81A3-4C89-B5DC-49B9006EED5F} = {23CD3E08-81A3-4C89-B5DC-49B9006EED5F}
		{65047878-12AB-49A2-BC0C-E5EFF6948B1E} = {65047878-12AB-49A2-BC0C-E5EFF6948B1E}
		{0CD25764-96B0-46A9-B8D4-8E69A482F39E} = {0CD25764-96B0-46A9-B8D4-8E69A482F39E}
		{3B950304-0631-4BEA-AB67-BBFD03AB771A} = {3B950304-0631-4BEA-AB67-BBFD03AB771A}
	EndProjectSection
EndProject
Project("{8BC9CEB8-8B4A-11D0-8D11-00A0C91BC942}") = "AppFractureDemo", "Demos\FractureDemo\AppFractureDemo.vcxproj", "{D9D80E8D-310E-44FE-8217-C1624FAB0EE8}"
	ProjectSection(ProjectDependencies) = postProject
		{8CD8EDFB-AE75-4782-A3C7-3F0DA4214FCE} = {8CD8EDFB-AE75-4782-A3C7-3F0DA4214FCE}
		{23CD3E08-81A3-4C89-B5DC-49B9006EED5F} = {23CD3E08-81A3-4C89-B5DC-49B9006EED5F}
		{65047878-12AB-49A2-BC0C-E5EFF6948B1E} = {65047878-12AB-49A2-BC0C-E5EFF6948B1E}
		{0CD25764-96B0-46A9-B8D4-8E69A482F39E} = {0CD25764-96B0-46A9-B8D4-8E69A482F39E}
		{3B950304-0631-4BEA-AB67-BBFD03AB771A} = {3B950304-0631-4BEA-AB67-BBFD03AB771A}
	EndProjectSection
EndProject
Project("{8BC9CEB8-8B4A-11D0-8D11-00A0C91BC942}") = "AppGenericJointDemo", "Demos\GenericJointDemo\AppGenericJointDemo.vcxproj", "{EA07127B-B1B7-4B26-8F3B-C17FEEE432E1}"
	ProjectSection(ProjectDependencies) = postProject
		{8CD8EDFB-AE75-4782-A3C7-3F0DA4214FCE} = {8CD8EDFB-AE75-4782-A3C7-3F0DA4214FCE}
		{23CD3E08-81A3-4C89-B5DC-49B9006EED5F} = {23CD3E08-81A3-4C89-B5DC-49B9006EED5F}
		{65047878-12AB-49A2-BC0C-E5EFF6948B1E} = {65047878-12AB-49A2-BC0C-E5EFF6948B1E}
		{0CD25764-96B0-46A9-B8D4-8E69A482F39E} = {0CD25764-96B0-46A9-B8D4-8E69A482F39E}
		{3B950304-0631-4BEA-AB67-BBFD03AB771A} = {3B950304-0631-4BEA-AB67-BBFD03AB771A}
	EndProjectSection
EndProject
Project("{8BC9CEB8-8B4A-11D0-8D11-00A0C91BC942}") = "AppGyroscopicDemo", "Demos\GyroscopicDemo\AppGyroscopicDemo.vcxproj", "{62BD42D9-1B5E-4C9F-95A3-1AC5C6857303}"
	ProjectSection(ProjectDependencies) = postProject
		{8CD8EDFB-AE75-4782-A3C7-3F0DA4214FCE} = {8CD8EDFB-AE75-4782-A3C7-3F0DA4214FCE}
		{23CD3E08-81A3-4C89-B5DC-49B9006EED5F} = {23CD3E08-81A3-4C89-B5DC-49B9006EED5F}
		{E633FF2F-BEAB-448C-B642-36FD96431D2F} = {E633FF2F-BEAB-448C-B642-36FD96431D2F}
		{77DD91D1-1B70-4386-802F-50C35D4F015C} = {77DD91D1-1B70-4386-802F-50C35D4F015C}
		{65047878-12AB-49A2-BC0C-E5EFF6948B1E} = {65047878-12AB-49A2-BC0C-E5EFF6948B1E}
		{0CD25764-96B0-46A9-B8D4-8E69A482F39E} = {0CD25764-96B0-46A9-B8D4-8E69A482F39E}
		{3B950304-0631-4BEA-AB67-BBFD03AB771A} = {3B950304-0631-4BEA-AB67-BBFD03AB771A}
	EndProjectSection
EndProject
Project("{8BC9CEB8-8B4A-11D0-8D11-00A0C91BC942}") = "AppHelloWorld", "Demos\HelloWorld\AppHelloWorld.vcxproj", "{764824A3-B677-473E-B9B0-A717E33E39CE}"
	ProjectSection(ProjectDependencies) = postProject
		{8CD8EDFB-AE75-4782-A3C7-3F0DA4214FCE} = {8CD8EDFB-AE75-4782-A3C7-3F0DA4214FCE}
		{23CD3E08-81A3-4C89-B5DC-49B9006EED5F} = {23CD3E08-81A3-4C89-B5DC-49B9006EED5F}
		{65047878-12AB-49A2-BC0C-E5EFF6948B1E} = {65047878-12AB-49A2-BC0C-E5EFF6948B1E}
		{3B950304-0631-4BEA-AB67-BBFD03AB771A} = {3B950304-0631-4BEA-AB67-BBFD03AB771A}
	EndProjectSection
EndProject
Project("{8BC9CEB8-8B4A-11D0-8D11-00A0C91BC942}") = "AppInternalEdgeDemo", "Demos\InternalEdgeDemo\AppInternalEdgeDemo.vcxproj", "{B067084C-6E2B-425B-B8E5-DD2CE5E48611}"
	ProjectSection(ProjectDependencies) = postProject
		{8CD8EDFB-AE75-4782-A3C7-3F0DA4214FCE} = {8CD8EDFB-AE75-4782-A3C7-3F0DA4214FCE}
		{23CD3E08-81A3-4C89-B5DC-49B9006EED5F} = {23CD3E08-81A3-4C89-B5DC-49B9006EED5F}
		{65047878-12AB-49A2-BC0C-E5EFF6948B1E} = {65047878-12AB-49A2-BC0C-E5EFF6948B1E}
		{0CD25764-96B0-46A9-B8D4-8E69A482F39E} = {0CD25764-96B0-46A9-B8D4-8E69A482F39E}
		{3B950304-0631-4BEA-AB67-BBFD03AB771A} = {3B950304-0631-4BEA-AB67-BBFD03AB771A}
	EndProjectSection
EndProject
Project("{8BC9CEB8-8B4A-11D0-8D11-00A0C91BC942}") = "AppLinearConvexCastDemo", "Demos\GjkConvexCastDemo\AppLinearConvexCastDemo.vcxproj", "{1C98F00F-0D7D-4B53-9C6F-A922A95FF646}"
	ProjectSection(ProjectDependencies) = postProject
		{8CD8EDFB-AE75-4782-A3C7-3F0DA4214FCE} = {8CD8EDFB-AE75-4782-A3C7-3F0DA4214FCE}
		{23CD3E08-81A3-4C89-B5DC-49B9006EED5F} = {23CD3E08-81A3-4C89-B5DC-49B9006EED5F}
		{65047878-12AB-49A2-BC0C-E5EFF6948B1E} = {65047878-12AB-49A2-BC0C-E5EFF6948B1E}
		{0CD25764-96B0-46A9-B8D4-8E69A482F39E} = {0CD25764-96B0-46A9-B8D4-8E69A482F39E}
		{3B950304-0631-4BEA-AB67-BBFD03AB771A} = {3B950304-0631-4BEA-AB67-BBFD03AB771A}
	EndProjectSection
EndProject
Project("{8BC9CEB8-8B4A-11D0-8D11-00A0C91BC942}") = "AppMotorDemo", "Demos\DynamicControlDemo\AppMotorDemo.vcxproj", "{B21D2719-B4D7-48D0-BB11-807CE8883EF0}"
	ProjectSection(ProjectDependencies) = postProject
		{8CD8EDFB-AE75-4782-A3C7-3F0DA4214FCE} = {8CD8EDFB-AE75-4782-A3C7-3F0DA4214FCE}
		{23CD3E08-81A3-4C89-B5DC-49B9006EED5F} = {23CD3E08-81A3-4C89-B5DC-49B9006EED5F}
		{65047878-12AB-49A2-BC0C-E5EFF6948B1E} = {65047878-12AB-49A2-BC0C-E5EFF6948B1E}
		{0CD25764-96B0-46A9-B8D4-8E69A482F39E} = {0CD25764-96B0-46A9-B8D4-8E69A482F39E}
		{3B950304-0631-4BEA-AB67-BBFD03AB771A} = {3B950304-0631-4BEA-AB67-BBFD03AB771A}
	EndProjectSection
EndProject
Project("{8BC9CEB8-8B4A-11D0-8D11-00A0C91BC942}") = "AppMovingConcaveDemo", "Demos\MovingConcaveDemo\AppMovingConcaveDemo.vcxproj", "{6B18DBFF-A7C4-4EF1-9D85-C98CE4272A40}"
	ProjectSection(ProjectDependencies) = postProject
		{8CD8EDFB-AE75-4782-A3C7-3F0DA4214FCE} = {8CD8EDFB-AE75-4782-A3C7-3F0DA4214FCE}
		{23CD3E08-81A3-4C89-B5DC-49B9006EED5F} = {23CD3E08-81A3-4C89-B5DC-49B9006EED5F}
		{65047878-12AB-49A2-BC0C-E5EFF6948B1E} = {65047878-12AB-49A2-BC0C-E5EFF6948B1E}
		{0CD25764-96B0-46A9-B8D4-8E69A482F39E} = {0CD25764-96B0-46A9-B8D4-8E69A482F39E}
		{3B950304-0631-4BEA-AB67-BBFD03AB771A} = {3B950304-0631-4BEA-AB67-BBFD03AB771A}
	EndProjectSection
EndProject
Project("{8BC9CEB8-8B4A-11D0-8D11-00A0C91BC942}") = "AppMultiMaterialDemo", "Demos\MultiMaterialDemo\AppMultiMaterialDemo.vcxproj", "{623EF35A-9DFE-431B-A287-F85FDACE81D3}"
	ProjectSection(ProjectDependencies) = postProject
		{8CD8EDFB-AE75-4782-A3C7-3F0DA4214FCE} = {8CD8EDFB-AE75-4782-A3C7-3F0DA4214FCE}
		{23CD3E08-81A3-4C89-B5DC-49B9006EED5F} = {23CD3E08-81A3-4C89-B5DC-49B9006EED5F}
		{65047878-12AB-49A2-BC0C-E5EFF6948B1E} = {65047878-12AB-49A2-BC0C-E5EFF6948B1E}
		{0CD25764-96B0-46A9-B8D4-8E69A482F39E} = {0CD25764-96B0-46A9-B8D4-8E69A482F39E}
		{3B950304-0631-4BEA-AB67-BBFD03AB771A} = {3B950304-0631-4BEA-AB67-BBFD03AB771A}
	EndProjectSection
EndProject
Project("{8BC9CEB8-8B4A-11D0-8D11-00A0C91BC942}") = "AppMultiThreadedDemo", "Demos\MultiThreadedDemo\AppMultiThreadedDemo.vcxproj", "{534D04DE-48B6-45DA-AAB3-DE4158BFE397}"
	ProjectSection(ProjectDependencies) = postProject
		{8CD8EDFB-AE75-4782-A3C7-3F0DA4214FCE} = {8CD8EDFB-AE75-4782-A3C7-3F0DA4214FCE}
		{23CD3E08-81A3-4C89-B5DC-49B9006EED5F} = {23CD3E08-81A3-4C89-B5DC-49B9006EED5F}
		{77249E73-C120-44FB-9A12-4359C458212D} = {77249E73-C120-44FB-9A12-4359C458212D}
		{65047878-12AB-49A2-BC0C-E5EFF6948B1E} = {65047878-12AB-49A2-BC0C-E5EFF6948B1E}
		{0CD25764-96B0-46A9-B8D4-8E69A482F39E} = {0CD25764-96B0-46A9-B8D4-8E69A482F39E}
		{3B950304-0631-4BEA-AB67-BBFD03AB771A} = {3B950304-0631-4BEA-AB67-BBFD03AB771A}
	EndProjectSection
EndProject
Project("{8BC9CEB8-8B4A-11D0-8D11-00A0C91BC942}") = "AppOpenCLClothDemo_Mini", "Demos\OpenCLClothDemo\MiniCL\AppOpenCLClothDemo_Mini.vcxproj", "{3C733959-5009-4CC5-B452-25739CD8F68F}"
	ProjectSection(ProjectDependencies) = postProject
		{8CD8EDFB-AE75-4782-A3C7-3F0DA4214FCE} = {8CD8EDFB-AE75-4782-A3C7-3F0DA4214FCE}
		{23CD3E08-81A3-4C89-B5DC-49B9006EED5F} = {23CD3E08-81A3-4C89-B5DC-49B9006EED5F}
		{77249E73-C120-44FB-9A12-4359C458212D} = {77249E73-C120-44FB-9A12-4359C458212D}
		{2E6E12D8-DE13-4C8F-B36B-FBD91B4672B4} = {2E6E12D8-DE13-4C8F-B36B-FBD91B4672B4}
		{D27BAB8E-9882-45F9-83D3-1DF095381B40} = {D27BAB8E-9882-45F9-83D3-1DF095381B40}
		{65047878-12AB-49A2-BC0C-E5EFF6948B1E} = {65047878-12AB-49A2-BC0C-E5EFF6948B1E}
		{AF833348-0329-4FD9-90E1-23C2D0CD9D3B} = {AF833348-0329-4FD9-90E1-23C2D0CD9D3B}
		{0CD25764-96B0-46A9-B8D4-8E69A482F39E} = {0CD25764-96B0-46A9-B8D4-8E69A482F39E}
		{3B950304-0631-4BEA-AB67-BBFD03AB771A} = {3B950304-0631-4BEA-AB67-BBFD03AB771A}
	EndProjectSection
EndProject
Project("{8BC9CEB8-8B4A-11D0-8D11-00A0C91BC942}") = "AppParticlesOCL_Mini", "Demos\ParticlesOpenCL\MiniCL\AppParticlesOCL_Mini.vcxproj", "{88A403FD-4705-4C8F-B14E-8EF7AC742B31}"
	ProjectSection(ProjectDependencies) = postProject
		{8CD8EDFB-AE75-4782-A3C7-3F0DA4214FCE} = {8CD8EDFB-AE75-4782-A3C7-3F0DA4214FCE}
		{23CD3E08-81A3-4C89-B5DC-49B9006EED5F} = {23CD3E08-81A3-4C89-B5DC-49B9006EED5F}
		{77249E73-C120-44FB-9A12-4359C458212D} = {77249E73-C120-44FB-9A12-4359C458212D}
		{65047878-12AB-49A2-BC0C-E5EFF6948B1E} = {65047878-12AB-49A2-BC0C-E5EFF6948B1E}
		{AF833348-0329-4FD9-90E1-23C2D0CD9D3B} = {AF833348-0329-4FD9-90E1-23C2D0CD9D3B}
		{0CD25764-96B0-46A9-B8D4-8E69A482F39E} = {0CD25764-96B0-46A9-B8D4-8E69A482F39E}
		{3B950304-0631-4BEA-AB67-BBFD03AB771A} = {3B950304-0631-4BEA-AB67-BBFD03AB771A}
	EndProjectSection
EndProject
Project("{8BC9CEB8-8B4A-11D0-8D11-00A0C91BC942}") = "AppRagdollDemo", "Demos\RagdollDemo\AppRagdollDemo.vcxproj", "{EFA5B81D-CEC8-4986-8E9A-01F48D1B8A5C}"
	ProjectSection(ProjectDependencies) = postProject
		{8CD8EDFB-AE75-4782-A3C7-3F0DA4214FCE} = {8CD8EDFB-AE75-4782-A3C7-3F0DA4214FCE}
		{23CD3E08-81A3-4C89-B5DC-49B9006EED5F} = {23CD3E08-81A3-4C89-B5DC-49B9006EED5F}
		{65047878-12AB-49A2-BC0C-E5EFF6948B1E} = {65047878-12AB-49A2-BC0C-E5EFF6948B1E}
		{0CD25764-96B0-46A9-B8D4-8E69A482F39E} = {0CD25764-96B0-46A9-B8D4-8E69A482F39E}
		{3B950304-0631-4BEA-AB67-BBFD03AB771A} = {3B950304-0631-4BEA-AB67-BBFD03AB771A}
	EndProjectSection
EndProject
Project("{8BC9CEB8-8B4A-11D0-8D11-00A0C91BC942}") = "AppRaytestDemo", "Demos\RaytestDemo\AppRaytestDemo.vcxproj", "{FE4D8C9F-753A-4EBA-9EA8-D4124C2514FF}"
	ProjectSection(ProjectDependencies) = postProject
		{8CD8EDFB-AE75-4782-A3C7-3F0DA4214FCE} = {8CD8EDFB-AE75-4782-A3C7-3F0DA4214FCE}
		{23CD3E08-81A3-4C89-B5DC-49B9006EED5F} = {23CD3E08-81A3-4C89-B5DC-49B9006EED5F}
		{65047878-12AB-49A2-BC0C-E5EFF6948B1E} = {65047878-12AB-49A2-BC0C-E5EFF6948B1E}
		{0CD25764-96B0-46A9-B8D4-8E69A482F39E} = {0CD25764-96B0-46A9-B8D4-8E69A482F39E}
		{3B950304-0631-4BEA-AB67-BBFD03AB771A} = {3B950304-0631-4BEA-AB67-BBFD03AB771A}
	EndProjectSection
EndProject
Project("{8BC9CEB8-8B4A-11D0-8D11-00A0C91BC942}") = "AppRaytracer", "Demos\Raytracer\AppRaytracer.vcxproj", "{DE7D5F86-230B-47CA-A9AC-A43FEA8EB77C}"
	ProjectSection(ProjectDependencies) = postProject
		{8CD8EDFB-AE75-4782-A3C7-3F0DA4214FCE} = {8CD8EDFB-AE75-4782-A3C7-3F0DA4214FCE}
		{23CD3E08-81A3-4C89-B5DC-49B9006EED5F} = {23CD3E08-81A3-4C89-B5DC-49B9006EED5F}
		{65047878-12AB-49A2-BC0C-E5EFF6948B1E} = {65047878-12AB-49A2-BC0C-E5EFF6948B1E}
		{0CD25764-96B0-46A9-B8D4-8E69A482F39E} = {0CD25764-96B0-46A9-B8D4-8E69A482F39E}
		{3B950304-0631-4BEA-AB67-BBFD03AB771A} = {3B950304-0631-4BEA-AB67-BBFD03AB771A}
	EndProjectSection
EndProject
Project("{8BC9CEB8-8B4A-11D0-8D11-00A0C91BC942}") = "AppRollingFrictionDemo", "Demos\RollingFrictionDemo\AppRollingFrictionDemo.vcxproj", "{790B2939-38AD-4DAF-B4CC-01073C8923FF}"
	ProjectSection(ProjectDependencies) = postProject
		{8CD8EDFB-AE75-4782-A3C7-3F0DA4214FCE} = {8CD8EDFB-AE75-4782-A3C7-3F0DA4214FCE}
		{23CD3E08-81A3-4C89-B5DC-49B9006EED5F} = {23CD3E08-81A3-4C89-B5DC-49B9006EED5F}
		{65047878-12AB-49A2-BC0C-E5EFF6948B1E} = {65047878-12AB-49A2-BC0C-E5EFF6948B1E}
		{0CD25764-96B0-46A9-B8D4-8E69A482F39E} = {0CD25764-96B0-46A9-B8D4-8E69A482F39E}
		{3B950304-0631-4BEA-AB67-BBFD03AB771A} = {3B950304-0631-4BEA-AB67-BBFD03AB771A}
	EndProjectSection
EndProject
Project("{8BC9CEB8-8B4A-11D0-8D11-00A0C91BC942}") = "AppSerializeDemo", "Demos\SerializeDemo\AppSerializeDemo.vcxproj", "{3D674CF1-2133-45F3-BF6D-5D12147CD875}"
	ProjectSection(ProjectDependencies) = postProject
		{8CD8EDFB-AE75-4782-A3C7-3F0DA4214FCE} = {8CD8EDFB-AE75-4782-A3C7-3F0DA4214FCE}
		{23CD3E08-81A3-4C89-B5DC-49B9006EED5F} = {23CD3E08-81A3-4C89-B5DC-49B9006EED5F}
		{E633FF2F-BEAB-448C-B642-36FD96431D2F} = {E633FF2F-BEAB-448C-B642-36FD96431D2F}
		{2E6E12D8-DE13-4C8F-B36B-FBD91B4672B4} = {2E6E12D8-DE13-4C8F-B36B-FBD91B4672B4}
		{77DD91D1-1B70-4386-802F-50C35D4F015C} = {77DD91D1-1B70-4386-802F-50C35D4F015C}
		{65047878-12AB-49A2-BC0C-E5EFF6948B1E} = {65047878-12AB-49A2-BC0C-E5EFF6948B1E}
		{0CD25764-96B0-46A9-B8D4-8E69A482F39E} = {0CD25764-96B0-46A9-B8D4-8E69A482F39E}
		{3B950304-0631-4BEA-AB67-BBFD03AB771A} = {3B950304-0631-4BEA-AB67-BBFD03AB771A}
	EndProjectSection
EndProject
Project("{8BC9CEB8-8B4A-11D0-8D11-00A0C91BC942}") = "AppSimplexDemo", "Demos\SimplexDemo\AppSimplexDemo.vcxproj", "{623E594D-FE93-4FF2-A4C1-B1C30D81782E}"
	ProjectSection(ProjectDependencies) = postProject
		{8CD8EDFB-AE75-4782-A3C7-3F0DA4214FCE} = {8CD8EDFB-AE75-4782-A3C7-3F0DA4214FCE}
		{23CD3E08-81A3-4C89-B5DC-49B9006EED5F} = {23CD3E08-81A3-4C89-B5DC-49B9006EED5F}
		{65047878-12AB-49A2-BC0C-E5EFF6948B1E} = {65047878-12AB-49A2-BC0C-E5EFF6948B1E}
		{0CD25764-96B0-46A9-B8D4-8E69A482F39E} = {0CD25764-96B0-46A9-B8D4-8E69A482F39E}
		{3B950304-0631-4BEA-AB67-BBFD03AB771A} = {3B950304-0631-4BEA-AB67-BBFD03AB771A}
	EndProjectSection
EndProject
Project("{8BC9CEB8-8B4A-11D0-8D11-00A0C91BC942}") = "AppSliderConstraintDemo", "Demos\SliderConstraintDemo\AppSliderConstraintDemo.vcxproj", "{6286C216-D3F1-4E15-BCEB-8ADA0FB412A1}"
	ProjectSection(ProjectDependencies) = postProject
		{8CD8EDFB-AE75-4782-A3C7-3F0DA4214FCE} = {8CD8EDFB-AE75-4782-A3C7-3F0DA4214FCE}
		{23CD3E08-81A3-4C89-B5DC-49B9006EED5F} = {23CD3E08-81A3-4C89-B5DC-49B9006EED5F}
		{65047878-12AB-49A2-BC0C-E5EFF6948B1E} = {65047878-12AB-49A2-BC0C-E5EFF6948B1E}
		{0CD25764-96B0-46A9-B8D4-8E69A482F39E} = {0CD25764-96B0-46A9-B8D4-8E69A482F39E}
		{3B950304-0631-4BEA-AB67-BBFD03AB771A} = {3B950304-0631-4BEA-AB67-BBFD03AB771A}
	EndProjectSection
EndProject
Project("{8BC9CEB8-8B4A-11D0-8D11-00A0C91BC942}") = "AppSoftBodyDemo", "Demos\SoftDemo\AppSoftBodyDemo.vcxproj", "{4C0C9C5C-2813-4961-ADA3-383D9A7DE21F}"
	ProjectSection(ProjectDependencies) = postProject
		{8CD8EDFB-AE75-4782-A3C7-3F0DA4214FCE} = {8CD8EDFB-AE75-4782-A3C7-3F0DA4214FCE}
		{23CD3E08-81A3-4C89-B5DC-49B9006EED5F} = {23CD3E08-81A3-4C89-B5DC-49B9006EED5F}
		{2E6E12D8-DE13-4C8F-B36B-FBD91B4672B4} = {2E6E12D8-DE13-4C8F-B36B-FBD91B4672B4}
		{65047878-12AB-49A2-BC0C-E5EFF6948B1E} = {65047878-12AB-49A2-BC0C-E5EFF6948B1E}
		{0CD25764-96B0-46A9-B8D4-8E69A482F39E} = {0CD25764-96B0-46A9-B8D4-8E69A482F39E}
		{3B950304-0631-4BEA-AB67-BBFD03AB771A} = {3B950304-0631-4BEA-AB67-BBFD03AB771A}
	EndProjectSection
EndProject
Project("{8BC9CEB8-8B4A-11D0-8D11-00A0C91BC942}") = "AppThreadingDemo", "Demos\ThreadingDemo\AppThreadingDemo.vcxproj", "{9A016D29-069A-4FCF-A039-D1EE0575CD8B}"
	ProjectSection(ProjectDependencies) = postProject
		{8CD8EDFB-AE75-4782-A3C7-3F0DA4214FCE} = {8CD8EDFB-AE75-4782-A3C7-3F0DA4214FCE}
		{23CD3E08-81A3-4C89-B5DC-49B9006EED5F} = {23CD3E08-81A3-4C89-B5DC-49B9006EED5F}
		{77249E73-C120-44FB-9A12-4359C458212D} = {77249E73-C120-44FB-9A12-4359C458212D}
		{65047878-12AB-49A2-BC0C-E5EFF6948B1E} = {65047878-12AB-49A2-BC0C-E5EFF6948B1E}
		{3B950304-0631-4BEA-AB67-BBFD03AB771A} = {3B950304-0631-4BEA-AB67-BBFD03AB771A}
	EndProjectSection
EndProject
Project("{8BC9CEB8-8B4A-11D0-8D11-00A0C91BC942}") = "AppUserCollisionAlgorithm", "Demos\UserCollisionAlgorithm\AppUserCollisionAlgorithm.vcxproj", "{7257529F-202E-412B-A4FF-6E7F4D55DB42}"
	ProjectSection(ProjectDependencies) = postProject
		{8CD8EDFB-AE75-4782-A3C7-3F0DA4214FCE} = {8CD8EDFB-AE75-4782-A3C7-3F0DA4214FCE}
		{23CD3E08-81A3-4C89-B5DC-49B9006EED5F} = {23CD3E08-81A3-4C89-B5DC-49B9006EED5F}
		{65047878-12AB-49A2-BC0C-E5EFF6948B1E} = {65047878-12AB-49A2-BC0C-E5EFF6948B1E}
		{0CD25764-96B0-46A9-B8D4-8E69A482F39E} = {0CD25764-96B0-46A9-B8D4-8E69A482F39E}
		{3B950304-0631-4BEA-AB67-BBFD03AB771A} = {3B950304-0631-4BEA-AB67-BBFD03AB771A}
	EndProjectSection
EndProject
Project("{8BC9CEB8-8B4A-11D0-8D11-00A0C91BC942}") = "AppVectorAdd_Mini", "Demos\VectorAdd_OpenCL\MiniCL\AppVectorAdd_Mini.vcxproj", "{F99EC664-71DC-447A-82D8-FA6D8AF89C83}"
	ProjectSection(ProjectDependencies) = postProject
		{77249E73-C120-44FB-9A12-4359C458212D} = {77249E73-C120-44FB-9A12-4359C458212D}
		{65047878-12AB-49A2-BC0C-E5EFF6948B1E} = {65047878-12AB-49A2-BC0C-E5EFF6948B1E}
		{AF833348-0329-4FD9-90E1-23C2D0CD9D3B} = {AF833348-0329-4FD9-90E1-23C2D0CD9D3B}
		{3B950304-0631-4BEA-AB67-BBFD03AB771A} = {3B950304-0631-4BEA-AB67-BBFD03AB771A}
	EndProjectSection
EndProject
Project("{8BC9CEB8-8B4A-11D0-8D11-00A0C91BC942}") = "AppVehicleDemo", "Demos\VehicleDemo\AppVehicleDemo.vcxproj", "{0AF5761C-C0AB-4CE3-A07B-F3C309B47E3D}"
	ProjectSection(ProjectDependencies) = postProject
		{8CD8EDFB-AE75-4782-A3C7-3F0DA4214FCE} = {8CD8EDFB-AE75-4782-A3C7-3F0DA4214FCE}
		{23CD3E08-81A3-4C89-B5DC-49B9006EED5F} = {23CD3E08-81A3-4C89-B5DC-49B9006EED5F}
		{65047878-12AB-49A2-BC0C-E5EFF6948B1E} = {65047878-12AB-49A2-BC0C-E5EFF6948B1E}
		{0CD25764-96B0-46A9-B8D4-8E69A482F39E} = {0CD25764-96B0-46A9-B8D4-8E69A482F39E}
		{3B950304-0631-4BEA-AB67-BBFD03AB771A} = {3B950304-0631-4BEA-AB67-BBFD03AB771A}
	EndProjectSection
EndProject
Project("{8BC9CEB8-8B4A-11D0-8D11-00A0C91BC942}") = "AppVoronoiFractureDemo", "Demos\VoronoiFractureDemo\AppVoronoiFractureDemo.vcxproj", "{186688CC-6FCD-4292-A309-4CC77FCF4216}"
	ProjectSection(ProjectDependencies) = postProject
		{8CD8EDFB-AE75-4782-A3C7-3F0DA4214FCE} = {8CD8EDFB-AE75-4782-A3C7-3F0DA4214FCE}
		{23CD3E08-81A3-4C89-B5DC-49B9006EED5F} = {23CD3E08-81A3-4C89-B5DC-49B9006EED5F}
		{65047878-12AB-49A2-BC0C-E5EFF6948B1E} = {65047878-12AB-49A2-BC0C-E5EFF6948B1E}
		{0CD25764-96B0-46A9-B8D4-8E69A482F39E} = {0CD25764-96B0-46A9-B8D4-8E69A482F39E}
		{3B950304-0631-4BEA-AB67-BBFD03AB771A} = {3B950304-0631-4BEA-AB67-BBFD03AB771A}
	EndProjectSection
EndProject
Project("{8BC9CEB8-8B4A-11D0-8D11-00A0C91BC942}") = "BulletCollision", "src\BulletCollision\BulletCollision.vcxproj", "{8CD8EDFB-AE75-4782-A3C7-3F0DA4214FCE}"
	ProjectSection(ProjectDependencies) = postProject
		{3B950304-0631-4BEA-AB67-BBFD03AB771A} = {3B950304-0631-4BEA-AB67-BBFD03AB771A}
	EndProjectSection
EndProject
Project("{8BC9CEB8-8B4A-11D0-8D11-00A0C91BC942}") = "BulletDynamics", "src\BulletDynamics\BulletDynamics.vcxproj", "{23CD3E08-81A3-4C89-B5DC-49B9006EED5F}"
	ProjectSection(ProjectDependencies) = postProject
		{3B950304-0631-4BEA-AB67-BBFD03AB771A} = {3B950304-0631-4BEA-AB67-BBFD03AB771A}
	EndProjectSection
EndProject
Project("{8BC9CEB8-8B4A-11D0-8D11-00A0C91BC942}") = "BulletFileLoader", "Extras\Serialize\BulletFileLoader\BulletFileLoader.vcxproj", "{E633FF2F-BEAB-448C-B642-36FD96431D2F}"
	ProjectSection(ProjectDependencies) = postProject
		{3B950304-0631-4BEA-AB67-BBFD03AB771A} = {3B950304-0631-4BEA-AB67-BBFD03AB771A}
	EndProjectSection
EndProject
Project("{8BC9CEB8-8B4A-11D0-8D11-00A0C91BC942}") = "BulletMultiThreaded", "src\BulletMultiThreaded\BulletMultiThreaded.vcxproj", "{77249E73-C120-44FB-9A12-4359C458212D}"
	ProjectSection(ProjectDependencies) = postProject
		{3B950304-0631-4BEA-AB67-BBFD03AB771A} = {3B950304-0631-4BEA-AB67-BBFD03AB771A}
	EndProjectSection
EndProject
Project("{8BC9CEB8-8B4A-11D0-8D11-00A0C91BC942}") = "BulletSoftBody", "src\BulletSoftBody\BulletSoftBody.vcxproj", "{2E6E12D8-DE13-4C8F-B36B-FBD91B4672B4}"
	ProjectSection(ProjectDependencies) = postProject
		{3B950304-0631-4BEA-AB67-BBFD03AB771A} = {3B950304-0631-4BEA-AB67-BBFD03AB771A}
	EndProjectSection
EndProject
Project("{8BC9CEB8-8B4A-11D0-8D11-00A0C91BC942}") = "BulletSoftBodySolvers_OpenCL_Mini", "src\BulletMultiThreaded\GpuSoftBodySolvers\OpenCL\MiniCL\BulletSoftBodySolvers_OpenCL_Mini.vcxproj", "{D27BAB8E-9882-45F9-83D3-1DF095381B40}"
	ProjectSection(ProjectDependencies) = postProject
		{3B950304-0631-4BEA-AB67-BBFD03AB771A} = {3B950304-0631-4BEA-AB67-BBFD03AB771A}
	EndProjectSection
EndProject
Project("{8BC9CEB8-8B4A-11D0-8D11-00A0C91BC942}") = "BulletWorldImporter", "Extras\Serialize\BulletWorldImporter\BulletWorldImporter.vcxproj", "{77DD91D1-1B70-4386-802F-50C35D4F015C}"
	ProjectSection(ProjectDependencies) = postProject
		{3B950304-0631-4BEA-AB67-BBFD03AB771A} = {3B950304-0631-4BEA-AB67-BBFD03AB771A}
	EndProjectSection
EndProject
Project("{8BC9CEB8-8B4A-11D0-8D11-00A0C91BC942}") = "BulletXmlWorldImporter", "Extras\Serialize\BulletXmlWorldImporter\BulletXmlWorldImporter.vcxproj", "{B649BEFF-D49D-4FA6-909C-1B5404D3DCFC}"
	ProjectSection(ProjectDependencies) = postProject
		{3B950304-0631-4BEA-AB67-BBFD03AB771A} = {3B950304-0631-4BEA-AB67-BBFD03AB771A}
	EndProjectSection
EndProject
Project("{8BC9CEB8-8B4A-11D0-8D11-00A0C91BC942}") = "ConvexDecomposition", "Extras\ConvexDecomposition\ConvexDecomposition.vcxproj", "{5A234C33-32C4-4788-B314-AE138BA1144A}"
	ProjectSection(ProjectDependencies) = postProject
		{3B950304-0631-4BEA-AB67-BBFD03AB771A} = {3B950304-0631-4BEA-AB67-BBFD03AB771A}
	EndProjectSection
EndProject
Project("{8BC9CEB8-8B4A-11D0-8D11-00A0C91BC942}") = "GIMPACTUtils", "Extras\GIMPACTUtils\GIMPACTUtils.vcxproj", "{127F4BEA-337E-4CEE-B9FB-57E2D447593B}"
	ProjectSection(ProjectDependencies) = postProject
		{3B950304-0631-4BEA-AB67-BBFD03AB771A} = {3B950304-0631-4BEA-AB67-BBFD03AB771A}
	EndProjectSection
EndProject
Project("{8BC9CEB8-8B4A-11D0-8D11-00A0C91BC942}") = "GLUI", "Extras\glui\GLUI.vcxproj", "{39E90397-2BF1-41B6-BC31-7FC3D9900343}"
	ProjectSection(ProjectDependencies) = postProject
		{3B950304-0631-4BEA-AB67-BBFD03AB771A} = {3B950304-0631-4BEA-AB67-BBFD03AB771A}
	EndProjectSection
EndProject
Project("{8BC9CEB8-8B4A-11D0-8D11-00A0C91BC942}") = "HACD", "Extras\HACD\HACD.vcxproj", "{49BCAEE2-E878-4B09-9DA9-33DC05B896A6}"
	ProjectSection(ProjectDependencies) = postProject
		{3B950304-0631-4BEA-AB67-BBFD03AB771A} = {3B950304-0631-4BEA-AB67-BBFD03AB771A}
	EndProjectSection
EndProject
Project("{8BC9CEB8-8B4A-11D0-8D11-00A0C91BC942}") = "LinearMath", "src\LinearMath\LinearMath.vcxproj", "{65047878-12AB-49A2-BC0C-E5EFF6948B1E}"
	ProjectSection(ProjectDependencies) = postProject
		{3B950304-0631-4BEA-AB67-BBFD03AB771A} = {3B950304-0631-4BEA-AB67-BBFD03AB771A}
	EndProjectSection
EndProject
Project("{8BC9CEB8-8B4A-11D0-8D11-00A0C91BC942}") = "MiniCL", "src\MiniCL\MiniCL.vcxproj", "{AF833348-0329-4FD9-90E1-23C2D0CD9D3B}"
	ProjectSection(ProjectDependencies) = postProject
		{3B950304-0631-4BEA-AB67-BBFD03AB771A} = {3B950304-0631-4BEA-AB67-BBFD03AB771A}
	EndProjectSection
EndProject
Project("{8BC9CEB8-8B4A-11D0-8D11-00A0C91BC942}") = "OpenGLSupport", "Demos\OpenGL\OpenGLSupport.vcxproj", "{0CD25764-96B0-46A9-B8D4-8E69A482F39E}"
	ProjectSection(ProjectDependencies) = postProject
		{3B950304-0631-4BEA-AB67-BBFD03AB771A} = {3B950304-0631-4BEA-AB67-BBFD03AB771A}
	EndProjectSection
EndProject
Project("{8BC9CEB8-8B4A-11D0-8D11-00A0C91BC942}") = "ZERO_CHECK", "ZERO_CHECK.vcxproj", "{3B950304-0631-4BEA-AB67-BBFD03AB771A}"
	ProjectSection(ProjectDependencies) = postProject
	EndProjectSection
EndProject
Global
	GlobalSection(SolutionConfigurationPlatforms) = preSolution
		Debug|Win32 = Debug|Win32
		Release|Win32 = Release|Win32
		MinSizeRel|Win32 = MinSizeRel|Win32
		RelWithDebInfo|Win32 = RelWithDebInfo|Win32
	EndGlobalSection
	GlobalSection(ProjectConfigurationPlatforms) = postSolution
		{035092D5-31F8-408D-ABF2-21A2DAAA17BA}.Debug|Win32.ActiveCfg = Debug|Win32
		{035092D5-31F8-408D-ABF2-21A2DAAA17BA}.Release|Win32.ActiveCfg = Release|Win32
		{035092D5-31F8-408D-ABF2-21A2DAAA17BA}.MinSizeRel|Win32.ActiveCfg = MinSizeRel|Win32
		{035092D5-31F8-408D-ABF2-21A2DAAA17BA}.RelWithDebInfo|Win32.ActiveCfg = RelWithDebInfo|Win32
		{720C2F89-E840-4872-887F-688C94A18FCB}.Debug|Win32.ActiveCfg = Debug|Win32
		{720C2F89-E840-4872-887F-688C94A18FCB}.Debug|Win32.Build.0 = Debug|Win32
		{720C2F89-E840-4872-887F-688C94A18FCB}.Release|Win32.ActiveCfg = Release|Win32
		{720C2F89-E840-4872-887F-688C94A18FCB}.Release|Win32.Build.0 = Release|Win32
		{720C2F89-E840-4872-887F-688C94A18FCB}.MinSizeRel|Win32.ActiveCfg = MinSizeRel|Win32
		{720C2F89-E840-4872-887F-688C94A18FCB}.MinSizeRel|Win32.Build.0 = MinSizeRel|Win32
		{720C2F89-E840-4872-887F-688C94A18FCB}.RelWithDebInfo|Win32.ActiveCfg = RelWithDebInfo|Win32
		{720C2F89-E840-4872-887F-688C94A18FCB}.RelWithDebInfo|Win32.Build.0 = RelWithDebInfo|Win32
		{AC97AAEA-45B9-4E2A-9198-D4CB893DD02E}.Debug|Win32.ActiveCfg = Debug|Win32
		{AC97AAEA-45B9-4E2A-9198-D4CB893DD02E}.Debug|Win32.Build.0 = Debug|Win32
		{AC97AAEA-45B9-4E2A-9198-D4CB893DD02E}.Release|Win32.ActiveCfg = Release|Win32
		{AC97AAEA-45B9-4E2A-9198-D4CB893DD02E}.Release|Win32.Build.0 = Release|Win32
		{AC97AAEA-45B9-4E2A-9198-D4CB893DD02E}.MinSizeRel|Win32.ActiveCfg = MinSizeRel|Win32
		{AC97AAEA-45B9-4E2A-9198-D4CB893DD02E}.MinSizeRel|Win32.Build.0 = MinSizeRel|Win32
		{AC97AAEA-45B9-4E2A-9198-D4CB893DD02E}.RelWithDebInfo|Win32.ActiveCfg = RelWithDebInfo|Win32
		{AC97AAEA-45B9-4E2A-9198-D4CB893DD02E}.RelWithDebInfo|Win32.Build.0 = RelWithDebInfo|Win32
		{A901E467-0A5F-4C55-BDD6-476447E14FF8}.Debug|Win32.ActiveCfg = Debug|Win32
		{A901E467-0A5F-4C55-BDD6-476447E14FF8}.Debug|Win32.Build.0 = Debug|Win32
		{A901E467-0A5F-4C55-BDD6-476447E14FF8}.Release|Win32.ActiveCfg = Release|Win32
		{A901E467-0A5F-4C55-BDD6-476447E14FF8}.Release|Win32.Build.0 = Release|Win32
		{A901E467-0A5F-4C55-BDD6-476447E14FF8}.MinSizeRel|Win32.ActiveCfg = MinSizeRel|Win32
		{A901E467-0A5F-4C55-BDD6-476447E14FF8}.MinSizeRel|Win32.Build.0 = MinSizeRel|Win32
		{A901E467-0A5F-4C55-BDD6-476447E14FF8}.RelWithDebInfo|Win32.ActiveCfg = RelWithDebInfo|Win32
		{A901E467-0A5F-4C55-BDD6-476447E14FF8}.RelWithDebInfo|Win32.Build.0 = RelWithDebInfo|Win32
		{711C0723-C400-42DD-85F6-5766BF971DA1}.Debug|Win32.ActiveCfg = Debug|Win32
		{711C0723-C400-42DD-85F6-5766BF971DA1}.Debug|Win32.Build.0 = Debug|Win32
		{711C0723-C400-42DD-85F6-5766BF971DA1}.Release|Win32.ActiveCfg = Release|Win32
		{711C0723-C400-42DD-85F6-5766BF971DA1}.Release|Win32.Build.0 = Release|Win32
		{711C0723-C400-42DD-85F6-5766BF971DA1}.MinSizeRel|Win32.ActiveCfg = MinSizeRel|Win32
		{711C0723-C400-42DD-85F6-5766BF971DA1}.MinSizeRel|Win32.Build.0 = MinSizeRel|Win32
		{711C0723-C400-42DD-85F6-5766BF971DA1}.RelWithDebInfo|Win32.ActiveCfg = RelWithDebInfo|Win32
		{711C0723-C400-42DD-85F6-5766BF971DA1}.RelWithDebInfo|Win32.Build.0 = RelWithDebInfo|Win32
		{2C3FD510-D3A3-43E3-BE55-2AB5C1806B6F}.Debug|Win32.ActiveCfg = Debug|Win32
		{2C3FD510-D3A3-43E3-BE55-2AB5C1806B6F}.Debug|Win32.Build.0 = Debug|Win32
		{2C3FD510-D3A3-43E3-BE55-2AB5C1806B6F}.Release|Win32.ActiveCfg = Release|Win32
		{2C3FD510-D3A3-43E3-BE55-2AB5C1806B6F}.Release|Win32.Build.0 = Release|Win32
		{2C3FD510-D3A3-43E3-BE55-2AB5C1806B6F}.MinSizeRel|Win32.ActiveCfg = MinSizeRel|Win32
		{2C3FD510-D3A3-43E3-BE55-2AB5C1806B6F}.MinSizeRel|Win32.Build.0 = MinSizeRel|Win32
		{2C3FD510-D3A3-43E3-BE55-2AB5C1806B6F}.RelWithDebInfo|Win32.ActiveCfg = RelWithDebInfo|Win32
		{2C3FD510-D3A3-43E3-BE55-2AB5C1806B6F}.RelWithDebInfo|Win32.Build.0 = RelWithDebInfo|Win32
		{9D4D5487-3D5C-4AA3-86BE-C1D685FB7662}.Debug|Win32.ActiveCfg = Debug|Win32
		{9D4D5487-3D5C-4AA3-86BE-C1D685FB7662}.Debug|Win32.Build.0 = Debug|Win32
		{9D4D5487-3D5C-4AA3-86BE-C1D685FB7662}.Release|Win32.ActiveCfg = Release|Win32
		{9D4D5487-3D5C-4AA3-86BE-C1D685FB7662}.Release|Win32.Build.0 = Release|Win32
		{9D4D5487-3D5C-4AA3-86BE-C1D685FB7662}.MinSizeRel|Win32.ActiveCfg = MinSizeRel|Win32
		{9D4D5487-3D5C-4AA3-86BE-C1D685FB7662}.MinSizeRel|Win32.Build.0 = MinSizeRel|Win32
		{9D4D5487-3D5C-4AA3-86BE-C1D685FB7662}.RelWithDebInfo|Win32.ActiveCfg = RelWithDebInfo|Win32
		{9D4D5487-3D5C-4AA3-86BE-C1D685FB7662}.RelWithDebInfo|Win32.Build.0 = RelWithDebInfo|Win32
		{19ABCB56-4744-4265-86E7-43033924A35B}.Debug|Win32.ActiveCfg = Debug|Win32
		{19ABCB56-4744-4265-86E7-43033924A35B}.Debug|Win32.Build.0 = Debug|Win32
		{19ABCB56-4744-4265-86E7-43033924A35B}.Release|Win32.ActiveCfg = Release|Win32
		{19ABCB56-4744-4265-86E7-43033924A35B}.Release|Win32.Build.0 = Release|Win32
		{19ABCB56-4744-4265-86E7-43033924A35B}.MinSizeRel|Win32.ActiveCfg = MinSizeRel|Win32
		{19ABCB56-4744-4265-86E7-43033924A35B}.MinSizeRel|Win32.Build.0 = MinSizeRel|Win32
		{19ABCB56-4744-4265-86E7-43033924A35B}.RelWithDebInfo|Win32.ActiveCfg = RelWithDebInfo|Win32
		{19ABCB56-4744-4265-86E7-43033924A35B}.RelWithDebInfo|Win32.Build.0 = RelWithDebInfo|Win32
		{2C02C911-D261-46BB-837E-1A756BA733ED}.Debug|Win32.ActiveCfg = Debug|Win32
		{2C02C911-D261-46BB-837E-1A756BA733ED}.Debug|Win32.Build.0 = Debug|Win32
		{2C02C911-D261-46BB-837E-1A756BA733ED}.Release|Win32.ActiveCfg = Release|Win32
		{2C02C911-D261-46BB-837E-1A756BA733ED}.Release|Win32.Build.0 = Release|Win32
		{2C02C911-D261-46BB-837E-1A756BA733ED}.MinSizeRel|Win32.ActiveCfg = MinSizeRel|Win32
		{2C02C911-D261-46BB-837E-1A756BA733ED}.MinSizeRel|Win32.Build.0 = MinSizeRel|Win32
		{2C02C911-D261-46BB-837E-1A756BA733ED}.RelWithDebInfo|Win32.ActiveCfg = RelWithDebInfo|Win32
		{2C02C911-D261-46BB-837E-1A756BA733ED}.RelWithDebInfo|Win32.Build.0 = RelWithDebInfo|Win32
		{DCF56D80-6F66-4D4F-9806-55D1313ABA1D}.Debug|Win32.ActiveCfg = Debug|Win32
		{DCF56D80-6F66-4D4F-9806-55D1313ABA1D}.Debug|Win32.Build.0 = Debug|Win32
		{DCF56D80-6F66-4D4F-9806-55D1313ABA1D}.Release|Win32.ActiveCfg = Release|Win32
		{DCF56D80-6F66-4D4F-9806-55D1313ABA1D}.Release|Win32.Build.0 = Release|Win32
		{DCF56D80-6F66-4D4F-9806-55D1313ABA1D}.MinSizeRel|Win32.ActiveCfg = MinSizeRel|Win32
		{DCF56D80-6F66-4D4F-9806-55D1313ABA1D}.MinSizeRel|Win32.Build.0 = MinSizeRel|Win32
		{DCF56D80-6F66-4D4F-9806-55D1313ABA1D}.RelWithDebInfo|Win32.ActiveCfg = RelWithDebInfo|Win32
		{DCF56D80-6F66-4D4F-9806-55D1313ABA1D}.RelWithDebInfo|Win32.Build.0 = RelWithDebInfo|Win32
		{FA2A815F-78F3-4AA3-8CEA-20184470F1FA}.Debug|Win32.ActiveCfg = Debug|Win32
		{FA2A815F-78F3-4AA3-8CEA-20184470F1FA}.Debug|Win32.Build.0 = Debug|Win32
		{FA2A815F-78F3-4AA3-8CEA-20184470F1FA}.Release|Win32.ActiveCfg = Release|Win32
		{FA2A815F-78F3-4AA3-8CEA-20184470F1FA}.Release|Win32.Build.0 = Release|Win32
		{FA2A815F-78F3-4AA3-8CEA-20184470F1FA}.MinSizeRel|Win32.ActiveCfg = MinSizeRel|Win32
		{FA2A815F-78F3-4AA3-8CEA-20184470F1FA}.MinSizeRel|Win32.Build.0 = MinSizeRel|Win32
		{FA2A815F-78F3-4AA3-8CEA-20184470F1FA}.RelWithDebInfo|Win32.ActiveCfg = RelWithDebInfo|Win32
		{FA2A815F-78F3-4AA3-8CEA-20184470F1FA}.RelWithDebInfo|Win32.Build.0 = RelWithDebInfo|Win32
		{30F7CD8A-0412-4481-97B9-6F729F1C0D71}.Debug|Win32.ActiveCfg = Debug|Win32
		{30F7CD8A-0412-4481-97B9-6F729F1C0D71}.Debug|Win32.Build.0 = Debug|Win32
		{30F7CD8A-0412-4481-97B9-6F729F1C0D71}.Release|Win32.ActiveCfg = Release|Win32
		{30F7CD8A-0412-4481-97B9-6F729F1C0D71}.Release|Win32.Build.0 = Release|Win32
		{30F7CD8A-0412-4481-97B9-6F729F1C0D71}.MinSizeRel|Win32.ActiveCfg = MinSizeRel|Win32
		{30F7CD8A-0412-4481-97B9-6F729F1C0D71}.MinSizeRel|Win32.Build.0 = MinSizeRel|Win32
		{30F7CD8A-0412-4481-97B9-6F729F1C0D71}.RelWithDebInfo|Win32.ActiveCfg = RelWithDebInfo|Win32
		{30F7CD8A-0412-4481-97B9-6F729F1C0D71}.RelWithDebInfo|Win32.Build.0 = RelWithDebInfo|Win32
		{ADE808EA-C7D6-495C-8223-0BB0AD10AC7B}.Debug|Win32.ActiveCfg = Debug|Win32
		{ADE808EA-C7D6-495C-8223-0BB0AD10AC7B}.Debug|Win32.Build.0 = Debug|Win32
		{ADE808EA-C7D6-495C-8223-0BB0AD10AC7B}.Release|Win32.ActiveCfg = Release|Win32
		{ADE808EA-C7D6-495C-8223-0BB0AD10AC7B}.Release|Win32.Build.0 = Release|Win32
		{ADE808EA-C7D6-495C-8223-0BB0AD10AC7B}.MinSizeRel|Win32.ActiveCfg = MinSizeRel|Win32
		{ADE808EA-C7D6-495C-8223-0BB0AD10AC7B}.MinSizeRel|Win32.Build.0 = MinSizeRel|Win32
		{ADE808EA-C7D6-495C-8223-0BB0AD10AC7B}.RelWithDebInfo|Win32.ActiveCfg = RelWithDebInfo|Win32
		{ADE808EA-C7D6-495C-8223-0BB0AD10AC7B}.RelWithDebInfo|Win32.Build.0 = RelWithDebInfo|Win32
		{2B86A776-3663-4E0D-A39A-9D1081A3575D}.Debug|Win32.ActiveCfg = Debug|Win32
		{2B86A776-3663-4E0D-A39A-9D1081A3575D}.Debug|Win32.Build.0 = Debug|Win32
		{2B86A776-3663-4E0D-A39A-9D1081A3575D}.Release|Win32.ActiveCfg = Release|Win32
		{2B86A776-3663-4E0D-A39A-9D1081A3575D}.Release|Win32.Build.0 = Release|Win32
		{2B86A776-3663-4E0D-A39A-9D1081A3575D}.MinSizeRel|Win32.ActiveCfg = MinSizeRel|Win32
		{2B86A776-3663-4E0D-A39A-9D1081A3575D}.MinSizeRel|Win32.Build.0 = MinSizeRel|Win32
		{2B86A776-3663-4E0D-A39A-9D1081A3575D}.RelWithDebInfo|Win32.ActiveCfg = RelWithDebInfo|Win32
		{2B86A776-3663-4E0D-A39A-9D1081A3575D}.RelWithDebInfo|Win32.Build.0 = RelWithDebInfo|Win32
		{09FB7CB9-905E-430C-AE0F-76D361989C8E}.Debug|Win32.ActiveCfg = Debug|Win32
		{09FB7CB9-905E-430C-AE0F-76D361989C8E}.Debug|Win32.Build.0 = Debug|Win32
		{09FB7CB9-905E-430C-AE0F-76D361989C8E}.Release|Win32.ActiveCfg = Release|Win32
		{09FB7CB9-905E-430C-AE0F-76D361989C8E}.Release|Win32.Build.0 = Release|Win32
		{09FB7CB9-905E-430C-AE0F-76D361989C8E}.MinSizeRel|Win32.ActiveCfg = MinSizeRel|Win32
		{09FB7CB9-905E-430C-AE0F-76D361989C8E}.MinSizeRel|Win32.Build.0 = MinSizeRel|Win32
		{09FB7CB9-905E-430C-AE0F-76D361989C8E}.RelWithDebInfo|Win32.ActiveCfg = RelWithDebInfo|Win32
		{09FB7CB9-905E-430C-AE0F-76D361989C8E}.RelWithDebInfo|Win32.Build.0 = RelWithDebInfo|Win32
		{5EF5CBD8-C0D3-4A91-A918-8EA0CE62C275}.Debug|Win32.ActiveCfg = Debug|Win32
		{5EF5CBD8-C0D3-4A91-A918-8EA0CE62C275}.Debug|Win32.Build.0 = Debug|Win32
		{5EF5CBD8-C0D3-4A91-A918-8EA0CE62C275}.Release|Win32.ActiveCfg = Release|Win32
		{5EF5CBD8-C0D3-4A91-A918-8EA0CE62C275}.Release|Win32.Build.0 = Release|Win32
		{5EF5CBD8-C0D3-4A91-A918-8EA0CE62C275}.MinSizeRel|Win32.ActiveCfg = MinSizeRel|Win32
		{5EF5CBD8-C0D3-4A91-A918-8EA0CE62C275}.MinSizeRel|Win32.Build.0 = MinSizeRel|Win32
		{5EF5CBD8-C0D3-4A91-A918-8EA0CE62C275}.RelWithDebInfo|Win32.ActiveCfg = RelWithDebInfo|Win32
		{5EF5CBD8-C0D3-4A91-A918-8EA0CE62C275}.RelWithDebInfo|Win32.Build.0 = RelWithDebInfo|Win32
		{631005F2-B8EE-4AFD-9872-00CE6F129C56}.Debug|Win32.ActiveCfg = Debug|Win32
		{631005F2-B8EE-4AFD-9872-00CE6F129C56}.Debug|Win32.Build.0 = Debug|Win32
		{631005F2-B8EE-4AFD-9872-00CE6F129C56}.Release|Win32.ActiveCfg = Release|Win32
		{631005F2-B8EE-4AFD-9872-00CE6F129C56}.Release|Win32.Build.0 = Release|Win32
		{631005F2-B8EE-4AFD-9872-00CE6F129C56}.MinSizeRel|Win32.ActiveCfg = MinSizeRel|Win32
		{631005F2-B8EE-4AFD-9872-00CE6F129C56}.MinSizeRel|Win32.Build.0 = MinSizeRel|Win32
		{631005F2-B8EE-4AFD-9872-00CE6F129C56}.RelWithDebInfo|Win32.ActiveCfg = RelWithDebInfo|Win32
		{631005F2-B8EE-4AFD-9872-00CE6F129C56}.RelWithDebInfo|Win32.Build.0 = RelWithDebInfo|Win32
		{B4536564-AAC8-4CF0-8FF9-05540A055329}.Debug|Win32.ActiveCfg = Debug|Win32
		{B4536564-AAC8-4CF0-8FF9-05540A055329}.Debug|Win32.Build.0 = Debug|Win32
		{B4536564-AAC8-4CF0-8FF9-05540A055329}.Release|Win32.ActiveCfg = Release|Win32
		{B4536564-AAC8-4CF0-8FF9-05540A055329}.Release|Win32.Build.0 = Release|Win32
		{B4536564-AAC8-4CF0-8FF9-05540A055329}.MinSizeRel|Win32.ActiveCfg = MinSizeRel|Win32
		{B4536564-AAC8-4CF0-8FF9-05540A055329}.MinSizeRel|Win32.Build.0 = MinSizeRel|Win32
		{B4536564-AAC8-4CF0-8FF9-05540A055329}.RelWithDebInfo|Win32.ActiveCfg = RelWithDebInfo|Win32
		{B4536564-AAC8-4CF0-8FF9-05540A055329}.RelWithDebInfo|Win32.Build.0 = RelWithDebInfo|Win32
		{0435FCA8-24A4-4727-86AE-BD514C04E012}.Debug|Win32.ActiveCfg = Debug|Win32
		{0435FCA8-24A4-4727-86AE-BD514C04E012}.Debug|Win32.Build.0 = Debug|Win32
		{0435FCA8-24A4-4727-86AE-BD514C04E012}.Release|Win32.ActiveCfg = Release|Win32
		{0435FCA8-24A4-4727-86AE-BD514C04E012}.Release|Win32.Build.0 = Release|Win32
		{0435FCA8-24A4-4727-86AE-BD514C04E012}.MinSizeRel|Win32.ActiveCfg = MinSizeRel|Win32
		{0435FCA8-24A4-4727-86AE-BD514C04E012}.MinSizeRel|Win32.Build.0 = MinSizeRel|Win32
		{0435FCA8-24A4-4727-86AE-BD514C04E012}.RelWithDebInfo|Win32.ActiveCfg = RelWithDebInfo|Win32
		{0435FCA8-24A4-4727-86AE-BD514C04E012}.RelWithDebInfo|Win32.Build.0 = RelWithDebInfo|Win32
		{54598632-E9BF-4A9E-8E6F-7D47CB6F3A06}.Debug|Win32.ActiveCfg = Debug|Win32
		{54598632-E9BF-4A9E-8E6F-7D47CB6F3A06}.Debug|Win32.Build.0 = Debug|Win32
		{54598632-E9BF-4A9E-8E6F-7D47CB6F3A06}.Release|Win32.ActiveCfg = Release|Win32
		{54598632-E9BF-4A9E-8E6F-7D47CB6F3A06}.Release|Win32.Build.0 = Release|Win32
		{54598632-E9BF-4A9E-8E6F-7D47CB6F3A06}.MinSizeRel|Win32.ActiveCfg = MinSizeRel|Win32
		{54598632-E9BF-4A9E-8E6F-7D47CB6F3A06}.MinSizeRel|Win32.Build.0 = MinSizeRel|Win32
		{54598632-E9BF-4A9E-8E6F-7D47CB6F3A06}.RelWithDebInfo|Win32.ActiveCfg = RelWithDebInfo|Win32
		{54598632-E9BF-4A9E-8E6F-7D47CB6F3A06}.RelWithDebInfo|Win32.Build.0 = RelWithDebInfo|Win32
		{D9D80E8D-310E-44FE-8217-C1624FAB0EE8}.Debug|Win32.ActiveCfg = Debug|Win32
		{D9D80E8D-310E-44FE-8217-C1624FAB0EE8}.Debug|Win32.Build.0 = Debug|Win32
		{D9D80E8D-310E-44FE-8217-C1624FAB0EE8}.Release|Win32.ActiveCfg = Release|Win32
		{D9D80E8D-310E-44FE-8217-C1624FAB0EE8}.Release|Win32.Build.0 = Release|Win32
		{D9D80E8D-310E-44FE-8217-C1624FAB0EE8}.MinSizeRel|Win32.ActiveCfg = MinSizeRel|Win32
		{D9D80E8D-310E-44FE-8217-C1624FAB0EE8}.MinSizeRel|Win32.Build.0 = MinSizeRel|Win32
		{D9D80E8D-310E-44FE-8217-C1624FAB0EE8}.RelWithDebInfo|Win32.ActiveCfg = RelWithDebInfo|Win32
		{D9D80E8D-310E-44FE-8217-C1624FAB0EE8}.RelWithDebInfo|Win32.Build.0 = RelWithDebInfo|Win32
		{EA07127B-B1B7-4B26-8F3B-C17FEEE432E1}.Debug|Win32.ActiveCfg = Debug|Win32
		{EA07127B-B1B7-4B26-8F3B-C17FEEE432E1}.Debug|Win32.Build.0 = Debug|Win32
		{EA07127B-B1B7-4B26-8F3B-C17FEEE432E1}.Release|Win32.ActiveCfg = Release|Win32
		{EA07127B-B1B7-4B26-8F3B-C17FEEE432E1}.Release|Win32.Build.0 = Release|Win32
		{EA07127B-B1B7-4B26-8F3B-C17FEEE432E1}.MinSizeRel|Win32.ActiveCfg = MinSizeRel|Win32
		{EA07127B-B1B7-4B26-8F3B-C17FEEE432E1}.MinSizeRel|Win32.Build.0 = MinSizeRel|Win32
		{EA07127B-B1B7-4B26-8F3B-C17FEEE432E1}.RelWithDebInfo|Win32.ActiveCfg = RelWithDebInfo|Win32
		{EA07127B-B1B7-4B26-8F3B-C17FEEE432E1}.RelWithDebInfo|Win32.Build.0 = RelWithDebInfo|Win32
		{62BD42D9-1B5E-4C9F-95A3-1AC5C6857303}.Debug|Win32.ActiveCfg = Debug|Win32
		{62BD42D9-1B5E-4C9F-95A3-1AC5C6857303}.Debug|Win32.Build.0 = Debug|Win32
		{62BD42D9-1B5E-4C9F-95A3-1AC5C6857303}.Release|Win32.ActiveCfg = Release|Win32
		{62BD42D9-1B5E-4C9F-95A3-1AC5C6857303}.Release|Win32.Build.0 = Release|Win32
		{62BD42D9-1B5E-4C9F-95A3-1AC5C6857303}.MinSizeRel|Win32.ActiveCfg = MinSizeRel|Win32
		{62BD42D9-1B5E-4C9F-95A3-1AC5C6857303}.MinSizeRel|Win32.Build.0 = MinSizeRel|Win32
		{62BD42D9-1B5E-4C9F-95A3-1AC5C6857303}.RelWithDebInfo|Win32.ActiveCfg = RelWithDebInfo|Win32
		{62BD42D9-1B5E-4C9F-95A3-1AC5C6857303}.RelWithDebInfo|Win32.Build.0 = RelWithDebInfo|Win32
		{764824A3-B677-473E-B9B0-A717E33E39CE}.Debug|Win32.ActiveCfg = Debug|Win32
		{764824A3-B677-473E-B9B0-A717E33E39CE}.Debug|Win32.Build.0 = Debug|Win32
		{764824A3-B677-473E-B9B0-A717E33E39CE}.Release|Win32.ActiveCfg = Release|Win32
		{764824A3-B677-473E-B9B0-A717E33E39CE}.Release|Win32.Build.0 = Release|Win32
		{764824A3-B677-473E-B9B0-A717E33E39CE}.MinSizeRel|Win32.ActiveCfg = MinSizeRel|Win32
		{764824A3-B677-473E-B9B0-A717E33E39CE}.MinSizeRel|Win32.Build.0 = MinSizeRel|Win32
		{764824A3-B677-473E-B9B0-A717E33E39CE}.RelWithDebInfo|Win32.ActiveCfg = RelWithDebInfo|Win32
		{764824A3-B677-473E-B9B0-A717E33E39CE}.RelWithDebInfo|Win32.Build.0 = RelWithDebInfo|Win32
		{B067084C-6E2B-425B-B8E5-DD2CE5E48611}.Debug|Win32.ActiveCfg = Debug|Win32
		{B067084C-6E2B-425B-B8E5-DD2CE5E48611}.Debug|Win32.Build.0 = Debug|Win32
		{B067084C-6E2B-425B-B8E5-DD2CE5E48611}.Release|Win32.ActiveCfg = Release|Win32
		{B067084C-6E2B-425B-B8E5-DD2CE5E48611}.Release|Win32.Build.0 = Release|Win32
		{B067084C-6E2B-425B-B8E5-DD2CE5E48611}.MinSizeRel|Win32.ActiveCfg = MinSizeRel|Win32
		{B067084C-6E2B-425B-B8E5-DD2CE5E48611}.MinSizeRel|Win32.Build.0 = MinSizeRel|Win32
		{B067084C-6E2B-425B-B8E5-DD2CE5E48611}.RelWithDebInfo|Win32.ActiveCfg = RelWithDebInfo|Win32
		{B067084C-6E2B-425B-B8E5-DD2CE5E48611}.RelWithDebInfo|Win32.Build.0 = RelWithDebInfo|Win32
		{1C98F00F-0D7D-4B53-9C6F-A922A95FF646}.Debug|Win32.ActiveCfg = Debug|Win32
		{1C98F00F-0D7D-4B53-9C6F-A922A95FF646}.Debug|Win32.Build.0 = Debug|Win32
		{1C98F00F-0D7D-4B53-9C6F-A922A95FF646}.Release|Win32.ActiveCfg = Release|Win32
		{1C98F00F-0D7D-4B53-9C6F-A922A95FF646}.Release|Win32.Build.0 = Release|Win32
		{1C98F00F-0D7D-4B53-9C6F-A922A95FF646}.MinSizeRel|Win32.ActiveCfg = MinSizeRel|Win32
		{1C98F00F-0D7D-4B53-9C6F-A922A95FF646}.MinSizeRel|Win32.Build.0 = MinSizeRel|Win32
		{1C98F00F-0D7D-4B53-9C6F-A922A95FF646}.RelWithDebInfo|Win32.ActiveCfg = RelWithDebInfo|Win32
		{1C98F00F-0D7D-4B53-9C6F-A922A95FF646}.RelWithDebInfo|Win32.Build.0 = RelWithDebInfo|Win32
		{B21D2719-B4D7-48D0-BB11-807CE8883EF0}.Debug|Win32.ActiveCfg = Debug|Win32
		{B21D2719-B4D7-48D0-BB11-807CE8883EF0}.Debug|Win32.Build.0 = Debug|Win32
		{B21D2719-B4D7-48D0-BB11-807CE8883EF0}.Release|Win32.ActiveCfg = Release|Win32
		{B21D2719-B4D7-48D0-BB11-807CE8883EF0}.Release|Win32.Build.0 = Release|Win32
		{B21D2719-B4D7-48D0-BB11-807CE8883EF0}.MinSizeRel|Win32.ActiveCfg = MinSizeRel|Win32
		{B21D2719-B4D7-48D0-BB11-807CE8883EF0}.MinSizeRel|Win32.Build.0 = MinSizeRel|Win32
		{B21D2719-B4D7-48D0-BB11-807CE8883EF0}.RelWithDebInfo|Win32.ActiveCfg = RelWithDebInfo|Win32
		{B21D2719-B4D7-48D0-BB11-807CE8883EF0}.RelWithDebInfo|Win32.Build.0 = RelWithDebInfo|Win32
		{6B18DBFF-A7C4-4EF1-9D85-C98CE4272A40}.Debug|Win32.ActiveCfg = Debug|Win32
		{6B18DBFF-A7C4-4EF1-9D85-C98CE4272A40}.Debug|Win32.Build.0 = Debug|Win32
		{6B18DBFF-A7C4-4EF1-9D85-C98CE4272A40}.Release|Win32.ActiveCfg = Release|Win32
		{6B18DBFF-A7C4-4EF1-9D85-C98CE4272A40}.Release|Win32.Build.0 = Release|Win32
		{6B18DBFF-A7C4-4EF1-9D85-C98CE4272A40}.MinSizeRel|Win32.ActiveCfg = MinSizeRel|Win32
		{6B18DBFF-A7C4-4EF1-9D85-C98CE4272A40}.MinSizeRel|Win32.Build.0 = MinSizeRel|Win32
		{6B18DBFF-A7C4-4EF1-9D85-C98CE4272A40}.RelWithDebInfo|Win32.ActiveCfg = RelWithDebInfo|Win32
		{6B18DBFF-A7C4-4EF1-9D85-C98CE4272A40}.RelWithDebInfo|Win32.Build.0 = RelWithDebInfo|Win32
		{623EF35A-9DFE-431B-A287-F85FDACE81D3}.Debug|Win32.ActiveCfg = Debug|Win32
		{623EF35A-9DFE-431B-A287-F85FDACE81D3}.Debug|Win32.Build.0 = Debug|Win32
		{623EF35A-9DFE-431B-A287-F85FDACE81D3}.Release|Win32.ActiveCfg = Release|Win32
		{623EF35A-9DFE-431B-A287-F85FDACE81D3}.Release|Win32.Build.0 = Release|Win32
		{623EF35A-9DFE-431B-A287-F85FDACE81D3}.MinSizeRel|Win32.ActiveCfg = MinSizeRel|Win32
		{623EF35A-9DFE-431B-A287-F85FDACE81D3}.MinSizeRel|Win32.Build.0 = MinSizeRel|Win32
		{623EF35A-9DFE-431B-A287-F85FDACE81D3}.RelWithDebInfo|Win32.ActiveCfg = RelWithDebInfo|Win32
		{623EF35A-9DFE-431B-A287-F85FDACE81D3}.RelWithDebInfo|Win32.Build.0 = RelWithDebInfo|Win32
		{534D04DE-48B6-45DA-AAB3-DE4158BFE397}.Debug|Win32.ActiveCfg = Debug|Win32
		{534D04DE-48B6-45DA-AAB3-DE4158BFE397}.Debug|Win32.Build.0 = Debug|Win32
		{534D04DE-48B6-45DA-AAB3-DE4158BFE397}.Release|Win32.ActiveCfg = Release|Win32
		{534D04DE-48B6-45DA-AAB3-DE4158BFE397}.Release|Win32.Build.0 = Release|Win32
		{534D04DE-48B6-45DA-AAB3-DE4158BFE397}.MinSizeRel|Win32.ActiveCfg = MinSizeRel|Win32
		{534D04DE-48B6-45DA-AAB3-DE4158BFE397}.MinSizeRel|Win32.Build.0 = MinSizeRel|Win32
		{534D04DE-48B6-45DA-AAB3-DE4158BFE397}.RelWithDebInfo|Win32.ActiveCfg = RelWithDebInfo|Win32
		{534D04DE-48B6-45DA-AAB3-DE4158BFE397}.RelWithDebInfo|Win32.Build.0 = RelWithDebInfo|Win32
		{3C733959-5009-4CC5-B452-25739CD8F68F}.Debug|Win32.ActiveCfg = Debug|Win32
		{3C733959-5009-4CC5-B452-25739CD8F68F}.Debug|Win32.Build.0 = Debug|Win32
		{3C733959-5009-4CC5-B452-25739CD8F68F}.Release|Win32.ActiveCfg = Release|Win32
		{3C733959-5009-4CC5-B452-25739CD8F68F}.Release|Win32.Build.0 = Release|Win32
		{3C733959-5009-4CC5-B452-25739CD8F68F}.MinSizeRel|Win32.ActiveCfg = MinSizeRel|Win32
		{3C733959-5009-4CC5-B452-25739CD8F68F}.MinSizeRel|Win32.Build.0 = MinSizeRel|Win32
		{3C733959-5009-4CC5-B452-25739CD8F68F}.RelWithDebInfo|Win32.ActiveCfg = RelWithDebInfo|Win32
		{3C733959-5009-4CC5-B452-25739CD8F68F}.RelWithDebInfo|Win32.Build.0 = RelWithDebInfo|Win32
		{88A403FD-4705-4C8F-B14E-8EF7AC742B31}.Debug|Win32.ActiveCfg = Debug|Win32
		{88A403FD-4705-4C8F-B14E-8EF7AC742B31}.Debug|Win32.Build.0 = Debug|Win32
		{88A403FD-4705-4C8F-B14E-8EF7AC742B31}.Release|Win32.ActiveCfg = Release|Win32
		{88A403FD-4705-4C8F-B14E-8EF7AC742B31}.Release|Win32.Build.0 = Release|Win32
		{88A403FD-4705-4C8F-B14E-8EF7AC742B31}.MinSizeRel|Win32.ActiveCfg = MinSizeRel|Win32
		{88A403FD-4705-4C8F-B14E-8EF7AC742B31}.MinSizeRel|Win32.Build.0 = MinSizeRel|Win32
		{88A403FD-4705-4C8F-B14E-8EF7AC742B31}.RelWithDebInfo|Win32.ActiveCfg = RelWithDebInfo|Win32
		{88A403FD-4705-4C8F-B14E-8EF7AC742B31}.RelWithDebInfo|Win32.Build.0 = RelWithDebInfo|Win32
		{EFA5B81D-CEC8-4986-8E9A-01F48D1B8A5C}.Debug|Win32.ActiveCfg = Debug|Win32
		{EFA5B81D-CEC8-4986-8E9A-01F48D1B8A5C}.Debug|Win32.Build.0 = Debug|Win32
		{EFA5B81D-CEC8-4986-8E9A-01F48D1B8A5C}.Release|Win32.ActiveCfg = Release|Win32
		{EFA5B81D-CEC8-4986-8E9A-01F48D1B8A5C}.Release|Win32.Build.0 = Release|Win32
		{EFA5B81D-CEC8-4986-8E9A-01F48D1B8A5C}.MinSizeRel|Win32.ActiveCfg = MinSizeRel|Win32
		{EFA5B81D-CEC8-4986-8E9A-01F48D1B8A5C}.MinSizeRel|Win32.Build.0 = MinSizeRel|Win32
		{EFA5B81D-CEC8-4986-8E9A-01F48D1B8A5C}.RelWithDebInfo|Win32.ActiveCfg = RelWithDebInfo|Win32
		{EFA5B81D-CEC8-4986-8E9A-01F48D1B8A5C}.RelWithDebInfo|Win32.Build.0 = RelWithDebInfo|Win32
		{FE4D8C9F-753A-4EBA-9EA8-D4124C2514FF}.Debug|Win32.ActiveCfg = Debug|Win32
		{FE4D8C9F-753A-4EBA-9EA8-D4124C2514FF}.Debug|Win32.Build.0 = Debug|Win32
		{FE4D8C9F-753A-4EBA-9EA8-D4124C2514FF}.Release|Win32.ActiveCfg = Release|Win32
		{FE4D8C9F-753A-4EBA-9EA8-D4124C2514FF}.Release|Win32.Build.0 = Release|Win32
		{FE4D8C9F-753A-4EBA-9EA8-D4124C2514FF}.MinSizeRel|Win32.ActiveCfg = MinSizeRel|Win32
		{FE4D8C9F-753A-4EBA-9EA8-D4124C2514FF}.MinSizeRel|Win32.Build.0 = MinSizeRel|Win32
		{FE4D8C9F-753A-4EBA-9EA8-D4124C2514FF}.RelWithDebInfo|Win32.ActiveCfg = RelWithDebInfo|Win32
		{FE4D8C9F-753A-4EBA-9EA8-D4124C2514FF}.RelWithDebInfo|Win32.Build.0 = RelWithDebInfo|Win32
		{DE7D5F86-230B-47CA-A9AC-A43FEA8EB77C}.Debug|Win32.ActiveCfg = Debug|Win32
		{DE7D5F86-230B-47CA-A9AC-A43FEA8EB77C}.Debug|Win32.Build.0 = Debug|Win32
		{DE7D5F86-230B-47CA-A9AC-A43FEA8EB77C}.Release|Win32.ActiveCfg = Release|Win32
		{DE7D5F86-230B-47CA-A9AC-A43FEA8EB77C}.Release|Win32.Build.0 = Release|Win32
		{DE7D5F86-230B-47CA-A9AC-A43FEA8EB77C}.MinSizeRel|Win32.ActiveCfg = MinSizeRel|Win32
		{DE7D5F86-230B-47CA-A9AC-A43FEA8EB77C}.MinSizeRel|Win32.Build.0 = MinSizeRel|Win32
		{DE7D5F86-230B-47CA-A9AC-A43FEA8EB77C}.RelWithDebInfo|Win32.ActiveCfg = RelWithDebInfo|Win32
		{DE7D5F86-230B-47CA-A9AC-A43FEA8EB77C}.RelWithDebInfo|Win32.Build.0 = RelWithDebInfo|Win32
		{790B2939-38AD-4DAF-B4CC-01073C8923FF}.Debug|Win32.ActiveCfg = Debug|Win32
		{790B2939-38AD-4DAF-B4CC-01073C8923FF}.Debug|Win32.Build.0 = Debug|Win32
		{790B2939-38AD-4DAF-B4CC-01073C8923FF}.Release|Win32.ActiveCfg = Release|Win32
		{790B2939-38AD-4DAF-B4CC-01073C8923FF}.Release|Win32.Build.0 = Release|Win32
		{790B2939-38AD-4DAF-B4CC-01073C8923FF}.MinSizeRel|Win32.ActiveCfg = MinSizeRel|Win32
		{790B2939-38AD-4DAF-B4CC-01073C8923FF}.MinSizeRel|Win32.Build.0 = MinSizeRel|Win32
		{790B2939-38AD-4DAF-B4CC-01073C8923FF}.RelWithDebInfo|Win32.ActiveCfg = RelWithDebInfo|Win32
		{790B2939-38AD-4DAF-B4CC-01073C8923FF}.RelWithDebInfo|Win32.Build.0 = RelWithDebInfo|Win32
		{3D674CF1-2133-45F3-BF6D-5D12147CD875}.Debug|Win32.ActiveCfg = Debug|Win32
		{3D674CF1-2133-45F3-BF6D-5D12147CD875}.Debug|Win32.Build.0 = Debug|Win32
		{3D674CF1-2133-45F3-BF6D-5D12147CD875}.Release|Win32.ActiveCfg = Release|Win32
		{3D674CF1-2133-45F3-BF6D-5D12147CD875}.Release|Win32.Build.0 = Release|Win32
		{3D674CF1-2133-45F3-BF6D-5D12147CD875}.MinSizeRel|Win32.ActiveCfg = MinSizeRel|Win32
		{3D674CF1-2133-45F3-BF6D-5D12147CD875}.MinSizeRel|Win32.Build.0 = MinSizeRel|Win32
		{3D674CF1-2133-45F3-BF6D-5D12147CD875}.RelWithDebInfo|Win32.ActiveCfg = RelWithDebInfo|Win32
		{3D674CF1-2133-45F3-BF6D-5D12147CD875}.RelWithDebInfo|Win32.Build.0 = RelWithDebInfo|Win32
		{623E594D-FE93-4FF2-A4C1-B1C30D81782E}.Debug|Win32.ActiveCfg = Debug|Win32
		{623E594D-FE93-4FF2-A4C1-B1C30D81782E}.Debug|Win32.Build.0 = Debug|Win32
		{623E594D-FE93-4FF2-A4C1-B1C30D81782E}.Release|Win32.ActiveCfg = Release|Win32
		{623E594D-FE93-4FF2-A4C1-B1C30D81782E}.Release|Win32.Build.0 = Release|Win32
		{623E594D-FE93-4FF2-A4C1-B1C30D81782E}.MinSizeRel|Win32.ActiveCfg = MinSizeRel|Win32
		{623E594D-FE93-4FF2-A4C1-B1C30D81782E}.MinSizeRel|Win32.Build.0 = MinSizeRel|Win32
		{623E594D-FE93-4FF2-A4C1-B1C30D81782E}.RelWithDebInfo|Win32.ActiveCfg = RelWithDebInfo|Win32
		{623E594D-FE93-4FF2-A4C1-B1C30D81782E}.RelWithDebInfo|Win32.Build.0 = RelWithDebInfo|Win32
		{6286C216-D3F1-4E15-BCEB-8ADA0FB412A1}.Debug|Win32.ActiveCfg = Debug|Win32
		{6286C216-D3F1-4E15-BCEB-8ADA0FB412A1}.Debug|Win32.Build.0 = Debug|Win32
		{6286C216-D3F1-4E15-BCEB-8ADA0FB412A1}.Release|Win32.ActiveCfg = Release|Win32
		{6286C216-D3F1-4E15-BCEB-8ADA0FB412A1}.Release|Win32.Build.0 = Release|Win32
		{6286C216-D3F1-4E15-BCEB-8ADA0FB412A1}.MinSizeRel|Win32.ActiveCfg = MinSizeRel|Win32
		{6286C216-D3F1-4E15-BCEB-8ADA0FB412A1}.MinSizeRel|Win32.Build.0 = MinSizeRel|Win32
		{6286C216-D3F1-4E15-BCEB-8ADA0FB412A1}.RelWithDebInfo|Win32.ActiveCfg = RelWithDebInfo|Win32
		{6286C216-D3F1-4E15-BCEB-8ADA0FB412A1}.RelWithDebInfo|Win32.Build.0 = RelWithDebInfo|Win32
		{4C0C9C5C-2813-4961-ADA3-383D9A7DE21F}.Debug|Win32.ActiveCfg = Debug|Win32
		{4C0C9C5C-2813-4961-ADA3-383D9A7DE21F}.Debug|Win32.Build.0 = Debug|Win32
		{4C0C9C5C-2813-4961-ADA3-383D9A7DE21F}.Release|Win32.ActiveCfg = Release|Win32
		{4C0C9C5C-2813-4961-ADA3-383D9A7DE21F}.Release|Win32.Build.0 = Release|Win32
		{4C0C9C5C-2813-4961-ADA3-383D9A7DE21F}.MinSizeRel|Win32.ActiveCfg = MinSizeRel|Win32
		{4C0C9C5C-2813-4961-ADA3-383D9A7DE21F}.MinSizeRel|Win32.Build.0 = MinSizeRel|Win32
		{4C0C9C5C-2813-4961-ADA3-383D9A7DE21F}.RelWithDebInfo|Win32.ActiveCfg = RelWithDebInfo|Win32
		{4C0C9C5C-2813-4961-ADA3-383D9A7DE21F}.RelWithDebInfo|Win32.Build.0 = RelWithDebInfo|Win32
		{9A016D29-069A-4FCF-A039-D1EE0575CD8B}.Debug|Win32.ActiveCfg = Debug|Win32
		{9A016D29-069A-4FCF-A039-D1EE0575CD8B}.Debug|Win32.Build.0 = Debug|Win32
		{9A016D29-069A-4FCF-A039-D1EE0575CD8B}.Release|Win32.ActiveCfg = Release|Win32
		{9A016D29-069A-4FCF-A039-D1EE0575CD8B}.Release|Win32.Build.0 = Release|Win32
		{9A016D29-069A-4FCF-A039-D1EE0575CD8B}.MinSizeRel|Win32.ActiveCfg = MinSizeRel|Win32
		{9A016D29-069A-4FCF-A039-D1EE0575CD8B}.MinSizeRel|Win32.Build.0 = MinSizeRel|Win32
		{9A016D29-069A-4FCF-A039-D1EE0575CD8B}.RelWithDebInfo|Win32.ActiveCfg = RelWithDebInfo|Win32
		{9A016D29-069A-4FCF-A039-D1EE0575CD8B}.RelWithDebInfo|Win32.Build.0 = RelWithDebInfo|Win32
		{7257529F-202E-412B-A4FF-6E7F4D55DB42}.Debug|Win32.ActiveCfg = Debug|Win32
		{7257529F-202E-412B-A4FF-6E7F4D55DB42}.Debug|Win32.Build.0 = Debug|Win32
		{7257529F-202E-412B-A4FF-6E7F4D55DB42}.Release|Win32.ActiveCfg = Release|Win32
		{7257529F-202E-412B-A4FF-6E7F4D55DB42}.Release|Win32.Build.0 = Release|Win32
		{7257529F-202E-412B-A4FF-6E7F4D55DB42}.MinSizeRel|Win32.ActiveCfg = MinSizeRel|Win32
		{7257529F-202E-412B-A4FF-6E7F4D55DB42}.MinSizeRel|Win32.Build.0 = MinSizeRel|Win32
		{7257529F-202E-412B-A4FF-6E7F4D55DB42}.RelWithDebInfo|Win32.ActiveCfg = RelWithDebInfo|Win32
		{7257529F-202E-412B-A4FF-6E7F4D55DB42}.RelWithDebInfo|Win32.Build.0 = RelWithDebInfo|Win32
		{F99EC664-71DC-447A-82D8-FA6D8AF89C83}.Debug|Win32.ActiveCfg = Debug|Win32
		{F99EC664-71DC-447A-82D8-FA6D8AF89C83}.Debug|Win32.Build.0 = Debug|Win32
		{F99EC664-71DC-447A-82D8-FA6D8AF89C83}.Release|Win32.ActiveCfg = Release|Win32
		{F99EC664-71DC-447A-82D8-FA6D8AF89C83}.Release|Win32.Build.0 = Release|Win32
		{F99EC664-71DC-447A-82D8-FA6D8AF89C83}.MinSizeRel|Win32.ActiveCfg = MinSizeRel|Win32
		{F99EC664-71DC-447A-82D8-FA6D8AF89C83}.MinSizeRel|Win32.Build.0 = MinSizeRel|Win32
		{F99EC664-71DC-447A-82D8-FA6D8AF89C83}.RelWithDebInfo|Win32.ActiveCfg = RelWithDebInfo|Win32
		{F99EC664-71DC-447A-82D8-FA6D8AF89C83}.RelWithDebInfo|Win32.Build.0 = RelWithDebInfo|Win32
		{0AF5761C-C0AB-4CE3-A07B-F3C309B47E3D}.Debug|Win32.ActiveCfg = Debug|Win32
		{0AF5761C-C0AB-4CE3-A07B-F3C309B47E3D}.Debug|Win32.Build.0 = Debug|Win32
		{0AF5761C-C0AB-4CE3-A07B-F3C309B47E3D}.Release|Win32.ActiveCfg = Release|Win32
		{0AF5761C-C0AB-4CE3-A07B-F3C309B47E3D}.Release|Win32.Build.0 = Release|Win32
		{0AF5761C-C0AB-4CE3-A07B-F3C309B47E3D}.MinSizeRel|Win32.ActiveCfg = MinSizeRel|Win32
		{0AF5761C-C0AB-4CE3-A07B-F3C309B47E3D}.MinSizeRel|Win32.Build.0 = MinSizeRel|Win32
		{0AF5761C-C0AB-4CE3-A07B-F3C309B47E3D}.RelWithDebInfo|Win32.ActiveCfg = RelWithDebInfo|Win32
		{0AF5761C-C0AB-4CE3-A07B-F3C309B47E3D}.RelWithDebInfo|Win32.Build.0 = RelWithDebInfo|Win32
		{186688CC-6FCD-4292-A309-4CC77FCF4216}.Debug|Win32.ActiveCfg = Debug|Win32
		{186688CC-6FCD-4292-A309-4CC77FCF4216}.Debug|Win32.Build.0 = Debug|Win32
		{186688CC-6FCD-4292-A309-4CC77FCF4216}.Release|Win32.ActiveCfg = Release|Win32
		{186688CC-6FCD-4292-A309-4CC77FCF4216}.Release|Win32.Build.0 = Release|Win32
		{186688CC-6FCD-4292-A309-4CC77FCF4216}.MinSizeRel|Win32.ActiveCfg = MinSizeRel|Win32
		{186688CC-6FCD-4292-A309-4CC77FCF4216}.MinSizeRel|Win32.Build.0 = MinSizeRel|Win32
		{186688CC-6FCD-4292-A309-4CC77FCF4216}.RelWithDebInfo|Win32.ActiveCfg = RelWithDebInfo|Win32
		{186688CC-6FCD-4292-A309-4CC77FCF4216}.RelWithDebInfo|Win32.Build.0 = RelWithDebInfo|Win32
		{8CD8EDFB-AE75-4782-A3C7-3F0DA4214FCE}.Debug|Win32.ActiveCfg = Debug|Win32
		{8CD8EDFB-AE75-4782-A3C7-3F0DA4214FCE}.Debug|Win32.Build.0 = Debug|Win32
		{8CD8EDFB-AE75-4782-A3C7-3F0DA4214FCE}.Release|Win32.ActiveCfg = Release|Win32
		{8CD8EDFB-AE75-4782-A3C7-3F0DA4214FCE}.Release|Win32.Build.0 = Release|Win32
		{8CD8EDFB-AE75-4782-A3C7-3F0DA4214FCE}.MinSizeRel|Win32.ActiveCfg = MinSizeRel|Win32
		{8CD8EDFB-AE75-4782-A3C7-3F0DA4214FCE}.MinSizeRel|Win32.Build.0 = MinSizeRel|Win32
		{8CD8EDFB-AE75-4782-A3C7-3F0DA4214FCE}.RelWithDebInfo|Win32.ActiveCfg = RelWithDebInfo|Win32
		{8CD8EDFB-AE75-4782-A3C7-3F0DA4214FCE}.RelWithDebInfo|Win32.Build.0 = RelWithDebInfo|Win32
		{23CD3E08-81A3-4C89-B5DC-49B9006EED5F}.Debug|Win32.ActiveCfg = Debug|Win32
		{23CD3E08-81A3-4C89-B5DC-49B9006EED5F}.Debug|Win32.Build.0 = Debug|Win32
		{23CD3E08-81A3-4C89-B5DC-49B9006EED5F}.Release|Win32.ActiveCfg = Release|Win32
		{23CD3E08-81A3-4C89-B5DC-49B9006EED5F}.Release|Win32.Build.0 = Release|Win32
		{23CD3E08-81A3-4C89-B5DC-49B9006EED5F}.MinSizeRel|Win32.ActiveCfg = MinSizeRel|Win32
		{23CD3E08-81A3-4C89-B5DC-49B9006EED5F}.MinSizeRel|Win32.Build.0 = MinSizeRel|Win32
		{23CD3E08-81A3-4C89-B5DC-49B9006EED5F}.RelWithDebInfo|Win32.ActiveCfg = RelWithDebInfo|Win32
		{23CD3E08-81A3-4C89-B5DC-49B9006EED5F}.RelWithDebInfo|Win32.Build.0 = RelWithDebInfo|Win32
		{E633FF2F-BEAB-448C-B642-36FD96431D2F}.Debug|Win32.ActiveCfg = Debug|Win32
		{E633FF2F-BEAB-448C-B642-36FD96431D2F}.Debug|Win32.Build.0 = Debug|Win32
		{E633FF2F-BEAB-448C-B642-36FD96431D2F}.Release|Win32.ActiveCfg = Release|Win32
		{E633FF2F-BEAB-448C-B642-36FD96431D2F}.Release|Win32.Build.0 = Release|Win32
		{E633FF2F-BEAB-448C-B642-36FD96431D2F}.MinSizeRel|Win32.ActiveCfg = MinSizeRel|Win32
		{E633FF2F-BEAB-448C-B642-36FD96431D2F}.MinSizeRel|Win32.Build.0 = MinSizeRel|Win32
		{E633FF2F-BEAB-448C-B642-36FD96431D2F}.RelWithDebInfo|Win32.ActiveCfg = RelWithDebInfo|Win32
		{E633FF2F-BEAB-448C-B642-36FD96431D2F}.RelWithDebInfo|Win32.Build.0 = RelWithDebInfo|Win32
		{77249E73-C120-44FB-9A12-4359C458212D}.Debug|Win32.ActiveCfg = Debug|Win32
		{77249E73-C120-44FB-9A12-4359C458212D}.Debug|Win32.Build.0 = Debug|Win32
		{77249E73-C120-44FB-9A12-4359C458212D}.Release|Win32.ActiveCfg = Release|Win32
		{77249E73-C120-44FB-9A12-4359C458212D}.Release|Win32.Build.0 = Release|Win32
		{77249E73-C120-44FB-9A12-4359C458212D}.MinSizeRel|Win32.ActiveCfg = MinSizeRel|Win32
		{77249E73-C120-44FB-9A12-4359C458212D}.MinSizeRel|Win32.Build.0 = MinSizeRel|Win32
		{77249E73-C120-44FB-9A12-4359C458212D}.RelWithDebInfo|Win32.ActiveCfg = RelWithDebInfo|Win32
		{77249E73-C120-44FB-9A12-4359C458212D}.RelWithDebInfo|Win32.Build.0 = RelWithDebInfo|Win32
		{2E6E12D8-DE13-4C8F-B36B-FBD91B4672B4}.Debug|Win32.ActiveCfg = Debug|Win32
		{2E6E12D8-DE13-4C8F-B36B-FBD91B4672B4}.Debug|Win32.Build.0 = Debug|Win32
		{2E6E12D8-DE13-4C8F-B36B-FBD91B4672B4}.Release|Win32.ActiveCfg = Release|Win32
		{2E6E12D8-DE13-4C8F-B36B-FBD91B4672B4}.Release|Win32.Build.0 = Release|Win32
		{2E6E12D8-DE13-4C8F-B36B-FBD91B4672B4}.MinSizeRel|Win32.ActiveCfg = MinSizeRel|Win32
		{2E6E12D8-DE13-4C8F-B36B-FBD91B4672B4}.MinSizeRel|Win32.Build.0 = MinSizeRel|Win32
		{2E6E12D8-DE13-4C8F-B36B-FBD91B4672B4}.RelWithDebInfo|Win32.ActiveCfg = RelWithDebInfo|Win32
		{2E6E12D8-DE13-4C8F-B36B-FBD91B4672B4}.RelWithDebInfo|Win32.Build.0 = RelWithDebInfo|Win32
		{D27BAB8E-9882-45F9-83D3-1DF095381B40}.Debug|Win32.ActiveCfg = Debug|Win32
		{D27BAB8E-9882-45F9-83D3-1DF095381B40}.Debug|Win32.Build.0 = Debug|Win32
		{D27BAB8E-9882-45F9-83D3-1DF095381B40}.Release|Win32.ActiveCfg = Release|Win32
		{D27BAB8E-9882-45F9-83D3-1DF095381B40}.Release|Win32.Build.0 = Release|Win32
		{D27BAB8E-9882-45F9-83D3-1DF095381B40}.MinSizeRel|Win32.ActiveCfg = MinSizeRel|Win32
		{D27BAB8E-9882-45F9-83D3-1DF095381B40}.MinSizeRel|Win32.Build.0 = MinSizeRel|Win32
		{D27BAB8E-9882-45F9-83D3-1DF095381B40}.RelWithDebInfo|Win32.ActiveCfg = RelWithDebInfo|Win32
		{D27BAB8E-9882-45F9-83D3-1DF095381B40}.RelWithDebInfo|Win32.Build.0 = RelWithDebInfo|Win32
		{77DD91D1-1B70-4386-802F-50C35D4F015C}.Debug|Win32.ActiveCfg = Debug|Win32
		{77DD91D1-1B70-4386-802F-50C35D4F015C}.Debug|Win32.Build.0 = Debug|Win32
		{77DD91D1-1B70-4386-802F-50C35D4F015C}.Release|Win32.ActiveCfg = Release|Win32
		{77DD91D1-1B70-4386-802F-50C35D4F015C}.Release|Win32.Build.0 = Release|Win32
		{77DD91D1-1B70-4386-802F-50C35D4F015C}.MinSizeRel|Win32.ActiveCfg = MinSizeRel|Win32
		{77DD91D1-1B70-4386-802F-50C35D4F015C}.MinSizeRel|Win32.Build.0 = MinSizeRel|Win32
		{77DD91D1-1B70-4386-802F-50C35D4F015C}.RelWithDebInfo|Win32.ActiveCfg = RelWithDebInfo|Win32
		{77DD91D1-1B70-4386-802F-50C35D4F015C}.RelWithDebInfo|Win32.Build.0 = RelWithDebInfo|Win32
		{B649BEFF-D49D-4FA6-909C-1B5404D3DCFC}.Debug|Win32.ActiveCfg = Debug|Win32
		{B649BEFF-D49D-4FA6-909C-1B5404D3DCFC}.Debug|Win32.Build.0 = Debug|Win32
		{B649BEFF-D49D-4FA6-909C-1B5404D3DCFC}.Release|Win32.ActiveCfg = Release|Win32
		{B649BEFF-D49D-4FA6-909C-1B5404D3DCFC}.Release|Win32.Build.0 = Release|Win32
		{B649BEFF-D49D-4FA6-909C-1B5404D3DCFC}.MinSizeRel|Win32.ActiveCfg = MinSizeRel|Win32
		{B649BEFF-D49D-4FA6-909C-1B5404D3DCFC}.MinSizeRel|Win32.Build.0 = MinSizeRel|Win32
		{B649BEFF-D49D-4FA6-909C-1B5404D3DCFC}.RelWithDebInfo|Win32.ActiveCfg = RelWithDebInfo|Win32
		{B649BEFF-D49D-4FA6-909C-1B5404D3DCFC}.RelWithDebInfo|Win32.Build.0 = RelWithDebInfo|Win32
		{5A234C33-32C4-4788-B314-AE138BA1144A}.Debug|Win32.ActiveCfg = Debug|Win32
		{5A234C33-32C4-4788-B314-AE138BA1144A}.Debug|Win32.Build.0 = Debug|Win32
		{5A234C33-32C4-4788-B314-AE138BA1144A}.Release|Win32.ActiveCfg = Release|Win32
		{5A234C33-32C4-4788-B314-AE138BA1144A}.Release|Win32.Build.0 = Release|Win32
		{5A234C33-32C4-4788-B314-AE138BA1144A}.MinSizeRel|Win32.ActiveCfg = MinSizeRel|Win32
		{5A234C33-32C4-4788-B314-AE138BA1144A}.MinSizeRel|Win32.Build.0 = MinSizeRel|Win32
		{5A234C33-32C4-4788-B314-AE138BA1144A}.RelWithDebInfo|Win32.ActiveCfg = RelWithDebInfo|Win32
		{5A234C33-32C4-4788-B314-AE138BA1144A}.RelWithDebInfo|Win32.Build.0 = RelWithDebInfo|Win32
		{127F4BEA-337E-4CEE-B9FB-57E2D447593B}.Debug|Win32.ActiveCfg = Debug|Win32
		{127F4BEA-337E-4CEE-B9FB-57E2D447593B}.Debug|Win32.Build.0 = Debug|Win32
		{127F4BEA-337E-4CEE-B9FB-57E2D447593B}.Release|Win32.ActiveCfg = Release|Win32
		{127F4BEA-337E-4CEE-B9FB-57E2D447593B}.Release|Win32.Build.0 = Release|Win32
		{127F4BEA-337E-4CEE-B9FB-57E2D447593B}.MinSizeRel|Win32.ActiveCfg = MinSizeRel|Win32
		{127F4BEA-337E-4CEE-B9FB-57E2D447593B}.MinSizeRel|Win32.Build.0 = MinSizeRel|Win32
		{127F4BEA-337E-4CEE-B9FB-57E2D447593B}.RelWithDebInfo|Win32.ActiveCfg = RelWithDebInfo|Win32
		{127F4BEA-337E-4CEE-B9FB-57E2D447593B}.RelWithDebInfo|Win32.Build.0 = RelWithDebInfo|Win32
		{39E90397-2BF1-41B6-BC31-7FC3D9900343}.Debug|Win32.ActiveCfg = Debug|Win32
		{39E90397-2BF1-41B6-BC31-7FC3D9900343}.Debug|Win32.Build.0 = Debug|Win32
		{39E90397-2BF1-41B6-BC31-7FC3D9900343}.Release|Win32.ActiveCfg = Release|Win32
		{39E90397-2BF1-41B6-BC31-7FC3D9900343}.Release|Win32.Build.0 = Release|Win32
		{39E90397-2BF1-41B6-BC31-7FC3D9900343}.MinSizeRel|Win32.ActiveCfg = MinSizeRel|Win32
		{39E90397-2BF1-41B6-BC31-7FC3D9900343}.MinSizeRel|Win32.Build.0 = MinSizeRel|Win32
		{39E90397-2BF1-41B6-BC31-7FC3D9900343}.RelWithDebInfo|Win32.ActiveCfg = RelWithDebInfo|Win32
		{39E90397-2BF1-41B6-BC31-7FC3D9900343}.RelWithDebInfo|Win32.Build.0 = RelWithDebInfo|Win32
		{49BCAEE2-E878-4B09-9DA9-33DC05B896A6}.Debug|Win32.ActiveCfg = Debug|Win32
		{49BCAEE2-E878-4B09-9DA9-33DC05B896A6}.Debug|Win32.Build.0 = Debug|Win32
		{49BCAEE2-E878-4B09-9DA9-33DC05B896A6}.Release|Win32.ActiveCfg = Release|Win32
		{49BCAEE2-E878-4B09-9DA9-33DC05B896A6}.Release|Win32.Build.0 = Release|Win32
		{49BCAEE2-E878-4B09-9DA9-33DC05B896A6}.MinSizeRel|Win32.ActiveCfg = MinSizeRel|Win32
		{49BCAEE2-E878-4B09-9DA9-33DC05B896A6}.MinSizeRel|Win32.Build.0 = MinSizeRel|Win32
		{49BCAEE2-E878-4B09-9DA9-33DC05B896A6}.RelWithDebInfo|Win32.ActiveCfg = RelWithDebInfo|Win32
		{49BCAEE2-E878-4B09-9DA9-33DC05B896A6}.RelWithDebInfo|Win32.Build.0 = RelWithDebInfo|Win32
		{65047878-12AB-49A2-BC0C-E5EFF6948B1E}.Debug|Win32.ActiveCfg = Debug|Win32
		{65047878-12AB-49A2-BC0C-E5EFF6948B1E}.Debug|Win32.Build.0 = Debug|Win32
		{65047878-12AB-49A2-BC0C-E5EFF6948B1E}.Release|Win32.ActiveCfg = Release|Win32
		{65047878-12AB-49A2-BC0C-E5EFF6948B1E}.Release|Win32.Build.0 = Release|Win32
		{65047878-12AB-49A2-BC0C-E5EFF6948B1E}.MinSizeRel|Win32.ActiveCfg = MinSizeRel|Win32
		{65047878-12AB-49A2-BC0C-E5EFF6948B1E}.MinSizeRel|Win32.Build.0 = MinSizeRel|Win32
		{65047878-12AB-49A2-BC0C-E5EFF6948B1E}.RelWithDebInfo|Win32.ActiveCfg = RelWithDebInfo|Win32
		{65047878-12AB-49A2-BC0C-E5EFF6948B1E}.RelWithDebInfo|Win32.Build.0 = RelWithDebInfo|Win32
		{AF833348-0329-4FD9-90E1-23C2D0CD9D3B}.Debug|Win32.ActiveCfg = Debug|Win32
		{AF833348-0329-4FD9-90E1-23C2D0CD9D3B}.Debug|Win32.Build.0 = Debug|Win32
		{AF833348-0329-4FD9-90E1-23C2D0CD9D3B}.Release|Win32.ActiveCfg = Release|Win32
		{AF833348-0329-4FD9-90E1-23C2D0CD9D3B}.Release|Win32.Build.0 = Release|Win32
		{AF833348-0329-4FD9-90E1-23C2D0CD9D3B}.MinSizeRel|Win32.ActiveCfg = MinSizeRel|Win32
		{AF833348-0329-4FD9-90E1-23C2D0CD9D3B}.MinSizeRel|Win32.Build.0 = MinSizeRel|Win32
		{AF833348-0329-4FD9-90E1-23C2D0CD9D3B}.RelWithDebInfo|Win32.ActiveCfg = RelWithDebInfo|Win32
		{AF833348-0329-4FD9-90E1-23C2D0CD9D3B}.RelWithDebInfo|Win32.Build.0 = RelWithDebInfo|Win32
		{0CD25764-96B0-46A9-B8D4-8E69A482F39E}.Debug|Win32.ActiveCfg = Debug|Win32
		{0CD25764-96B0-46A9-B8D4-8E69A482F39E}.Debug|Win32.Build.0 = Debug|Win32
		{0CD25764-96B0-46A9-B8D4-8E69A482F39E}.Release|Win32.ActiveCfg = Release|Win32
		{0CD25764-96B0-46A9-B8D4-8E69A482F39E}.Release|Win32.Build.0 = Release|Win32
		{0CD25764-96B0-46A9-B8D4-8E69A482F39E}.MinSizeRel|Win32.ActiveCfg = MinSizeRel|Win32
		{0CD25764-96B0-46A9-B8D4-8E69A482F39E}.MinSizeRel|Win32.Build.0 = MinSizeRel|Win32
		{0CD25764-96B0-46A9-B8D4-8E69A482F39E}.RelWithDebInfo|Win32.ActiveCfg = RelWithDebInfo|Win32
		{0CD25764-96B0-46A9-B8D4-8E69A482F39E}.RelWithDebInfo|Win32.Build.0 = RelWithDebInfo|Win32
		{3B950304-0631-4BEA-AB67-BBFD03AB771A}.Debug|Win32.ActiveCfg = Debug|Win32
		{3B950304-0631-4BEA-AB67-BBFD03AB771A}.Debug|Win32.Build.0 = Debug|Win32
		{3B950304-0631-4BEA-AB67-BBFD03AB771A}.Release|Win32.ActiveCfg = Release|Win32
		{3B950304-0631-4BEA-AB67-BBFD03AB771A}.Release|Win32.Build.0 = Release|Win32
		{3B950304-0631-4BEA-AB67-BBFD03AB771A}.MinSizeRel|Win32.ActiveCfg = MinSizeRel|Win32
		{3B950304-0631-4BEA-AB67-BBFD03AB771A}.MinSizeRel|Win32.Build.0 = MinSizeRel|Win32
		{3B950304-0631-4BEA-AB67-BBFD03AB771A}.RelWithDebInfo|Win32.ActiveCfg = RelWithDebInfo|Win32
		{3B950304-0631-4BEA-AB67-BBFD03AB771A}.RelWithDebInfo|Win32.Build.0 = RelWithDebInfo|Win32
	EndGlobalSection
	GlobalSection(ExtensibilityGlobals) = postSolution
	EndGlobalSection
	GlobalSection(ExtensibilityAddIns) = postSolution
	EndGlobalSection
EndGlobal
