<?xml version="1.0" encoding="utf-8"?>
<Project ToolsVersion="4.0" xmlns="http://schemas.microsoft.com/developer/msbuild/2003">
  <ItemGroup>
    <ClCompile Include="..\..\..\..\..\..\..\libs\bullet\src\BulletMultiThreaded\SpuFakeDma.cpp">
      <Filter>Source Files</Filter>
    </ClCompile>
    <ClCompile Include="..\..\..\..\..\..\..\libs\bullet\src\BulletMultiThreaded\SpuLibspe2Support.cpp">
      <Filter>Source Files</Filter>
    </ClCompile>
    <ClCompile Include="..\..\..\..\..\..\..\libs\bullet\src\BulletMultiThreaded\btThreadSupportInterface.cpp">
      <Filter>Source Files</Filter>
    </ClCompile>
    <ClCompile Include="..\..\..\..\..\..\..\libs\bullet\src\BulletMultiThreaded\Win32ThreadSupport.cpp">
      <Filter>Source Files</Filter>
    </ClCompile>
    <ClCompile Include="..\..\..\..\..\..\..\libs\bullet\src\BulletMultiThreaded\PosixThreadSupport.cpp">
      <Filter>Source Files</Filter>
    </ClCompile>
    <ClCompile Include="..\..\..\..\..\..\..\libs\bullet\src\BulletMultiThreaded\SequentialThreadSupport.cpp">
      <Filter>Source Files</Filter>
    </ClCompile>
    <ClCompile Include="..\..\..\..\..\..\..\libs\bullet\src\BulletMultiThreaded\SpuSampleTaskProcess.cpp">
      <Filter>Source Files</Filter>
    </ClCompile>
    <ClCompile Include="..\..\..\..\..\..\..\libs\bullet\src\BulletMultiThreaded\SpuCollisionObjectWrapper.cpp">
      <Filter>Source Files</Filter>
    </ClCompile>
    <ClCompile Include="..\..\..\..\..\..\..\libs\bullet\src\BulletMultiThreaded\SpuCollisionTaskProcess.cpp">
      <Filter>Source Files</Filter>
    </ClCompile>
    <ClCompile Include="..\..\..\..\..\..\..\libs\bullet\src\BulletMultiThreaded\SpuGatheringCollisionDispatcher.cpp">
      <Filter>Source Files</Filter>
    </ClCompile>
    <ClCompile Include="..\..\..\..\..\..\..\libs\bullet\src\BulletMultiThreaded\SpuContactManifoldCollisionAlgorithm.cpp">
      <Filter>Source Files</Filter>
    </ClCompile>
    <ClCompile Include="..\..\..\..\..\..\..\libs\bullet\src\BulletMultiThreaded\btParallelConstraintSolver.cpp">
      <Filter>Source Files</Filter>
    </ClCompile>
    <ClCompile Include="..\..\..\..\..\..\..\libs\bullet\src\BulletMultiThreaded\SpuNarrowPhaseCollisionTask\boxBoxDistance.cpp">
      <Filter>Source Files</Filter>
    </ClCompile>
    <ClCompile Include="..\..\..\..\..\..\..\libs\bullet\src\BulletMultiThreaded\SpuNarrowPhaseCollisionTask\SpuContactResult.cpp">
      <Filter>Source Files</Filter>
    </ClCompile>
    <ClCompile Include="..\..\..\..\..\..\..\libs\bullet\src\BulletMultiThreaded\SpuNarrowPhaseCollisionTask\SpuMinkowskiPenetrationDepthSolver.cpp">
      <Filter>Source Files</Filter>
    </ClCompile>
    <ClCompile Include="..\..\..\..\..\..\..\libs\bullet\src\BulletMultiThreaded\SpuNarrowPhaseCollisionTask\SpuGatheringCollisionTask.cpp">
      <Filter>Source Files</Filter>
    </ClCompile>
    <ClCompile Include="..\..\..\..\..\..\..\libs\bullet\src\BulletMultiThreaded\SpuNarrowPhaseCollisionTask\SpuCollisionShapes.cpp">
      <Filter>Source Files</Filter>
    </ClCompile>
    <ClCompile Include="..\..\..\..\..\..\..\libs\bullet\src\BulletMultiThreaded\btGpu3DGridBroadphase.cpp">
      <Filter>Source Files</Filter>
    </ClCompile>
  </ItemGroup>
  <ItemGroup>
    <ClInclude Include="..\..\..\..\..\..\..\libs\bullet\src\BulletMultiThreaded\PlatformDefinitions.h">
      <Filter>Header Files</Filter>
    </ClInclude>
    <ClInclude Include="..\..\..\..\..\..\..\libs\bullet\src\BulletMultiThreaded\PpuAddressSpace.h">
      <Filter>Header Files</Filter>
    </ClInclude>
    <ClInclude Include="..\..\..\..\..\..\..\libs\bullet\src\BulletMultiThreaded\SpuFakeDma.h">
      <Filter>Header Files</Filter>
    </ClInclude>
    <ClInclude Include="..\..\..\..\..\..\..\libs\bullet\src\BulletMultiThreaded\SpuDoubleBuffer.h">
      <Filter>Header Files</Filter>
    </ClInclude>
    <ClInclude Include="..\..\..\..\..\..\..\libs\bullet\src\BulletMultiThreaded\SpuLibspe2Support.h">
      <Filter>Header Files</Filter>
    </ClInclude>
    <ClInclude Include="..\..\..\..\..\..\..\libs\bullet\src\BulletMultiThreaded\btThreadSupportInterface.h">
      <Filter>Header Files</Filter>
    </ClInclude>
    <ClInclude Include="..\..\..\..\..\..\..\libs\bullet\src\BulletMultiThreaded\Win32ThreadSupport.h">
      <Filter>Header Files</Filter>
    </ClInclude>
    <ClInclude Include="..\..\..\..\..\..\..\libs\bullet\src\BulletMultiThreaded\PosixThreadSupport.h">
      <Filter>Header Files</Filter>
    </ClInclude>
    <ClInclude Include="..\..\..\..\..\..\..\libs\bullet\src\BulletMultiThreaded\SequentialThreadSupport.h">
      <Filter>Header Files</Filter>
    </ClInclude>
    <ClInclude Include="..\..\..\..\..\..\..\libs\bullet\src\BulletMultiThreaded\SpuSampleTaskProcess.h">
      <Filter>Header Files</Filter>
    </ClInclude>
    <ClInclude Include="..\..\..\..\..\..\..\libs\bullet\src\BulletMultiThreaded\SpuCollisionObjectWrapper.h">
      <Filter>Header Files</Filter>
    </ClInclude>
    <ClInclude Include="..\..\..\..\..\..\..\libs\bullet\src\BulletMultiThreaded\SpuCollisionTaskProcess.h">
      <Filter>Header Files</Filter>
    </ClInclude>
    <ClInclude Include="..\..\..\..\..\..\..\libs\bullet\src\BulletMultiThreaded\SpuGatheringCollisionDispatcher.h">
      <Filter>Header Files</Filter>
    </ClInclude>
    <ClInclude Include="..\..\..\..\..\..\..\libs\bullet\src\BulletMultiThreaded\SpuContactManifoldCollisionAlgorithm.h">
      <Filter>Header Files</Filter>
    </ClInclude>
    <ClInclude Include="..\..\..\..\..\..\..\libs\bullet\src\BulletMultiThreaded\btParallelConstraintSolver.h">
      <Filter>Header Files</Filter>
    </ClInclude>
    <ClInclude Include="..\..\..\..\..\..\..\libs\bullet\src\BulletMultiThreaded\btGpu3DGridBroadphase.h">
      <Filter>Header Files</Filter>
    </ClInclude>
    <ClInclude Include="..\..\..\..\..\..\..\libs\bullet\src\BulletMultiThreaded\btGpu3DGridBroadphaseSharedCode.h">
      <Filter>Header Files</Filter>
    </ClInclude>
    <ClInclude Include="..\..\..\..\..\..\..\libs\bullet\src\BulletMultiThreaded\btGpu3DGridBroadphaseSharedDefs.h">
      <Filter>Header Files</Filter>
    </ClInclude>
    <ClInclude Include="..\..\..\..\..\..\..\libs\bullet\src\BulletMultiThreaded\btGpu3DGridBroadphaseSharedTypes.h">
      <Filter>Header Files</Filter>
    </ClInclude>
    <ClInclude Include="..\..\..\..\..\..\..\libs\bullet\src\BulletMultiThreaded\btGpuDefines.h">
      <Filter>Header Files</Filter>
    </ClInclude>
    <ClInclude Include="..\..\..\..\..\..\..\libs\bullet\src\BulletMultiThreaded\btGpuUtilsSharedCode.h">
      <Filter>Header Files</Filter>
    </ClInclude>
    <ClInclude Include="..\..\..\..\..\..\..\libs\bullet\src\BulletMultiThreaded\btGpuUtilsSharedDefs.h">
      <Filter>Header Files</Filter>
    </ClInclude>
    <ClInclude Include="..\..\..\..\..\..\..\libs\bullet\src\BulletMultiThreaded\SpuNarrowPhaseCollisionTask\Box.h">
      <Filter>Header Files</Filter>
    </ClInclude>
    <ClInclude Include="..\..\..\..\..\..\..\libs\bullet\src\BulletMultiThreaded\SpuNarrowPhaseCollisionTask\boxBoxDistance.h">
      <Filter>Header Files</Filter>
    </ClInclude>
    <ClInclude Include="..\..\..\..\..\..\..\libs\bullet\src\BulletMultiThreaded\SpuNarrowPhaseCollisionTask\SpuContactResult.h">
      <Filter>Header Files</Filter>
    </ClInclude>
    <ClInclude Include="..\..\..\..\..\..\..\libs\bullet\src\BulletMultiThreaded\SpuNarrowPhaseCollisionTask\SpuMinkowskiPenetrationDepthSolver.h">
      <Filter>Header Files</Filter>
    </ClInclude>
    <ClInclude Include="..\..\..\..\..\..\..\libs\bullet\src\BulletMultiThreaded\SpuNarrowPhaseCollisionTask\SpuConvexPenetrationDepthSolver.h">
      <Filter>Header Files</Filter>
    </ClInclude>
    <ClInclude Include="..\..\..\..\..\..\..\libs\bullet\src\BulletMultiThreaded\SpuNarrowPhaseCollisionTask\SpuPreferredPenetrationDirections.h">
      <Filter>Header Files</Filter>
    </ClInclude>
    <ClInclude Include="..\..\..\..\..\..\..\libs\bullet\src\BulletMultiThreaded\SpuNarrowPhaseCollisionTask\SpuGatheringCollisionTask.h">
      <Filter>Header Files</Filter>
    </ClInclude>
    <ClInclude Include="..\..\..\..\..\..\..\libs\bullet\src\BulletMultiThreaded\SpuNarrowPhaseCollisionTask\SpuCollisionShapes.h">
      <Filter>Header Files</Filter>
    </ClInclude>
  </ItemGroup>
  <ItemGroup>
    <CustomBuild Include="..\..\..\..\..\..\..\libs\bullet\src\BulletMultiThreaded\CMakeLists.txt" />
  </ItemGroup>
  <ItemGroup>
    <Filter Include="Source Files">
      <UniqueIdentifier>{CA8F2C42-59BE-40B8-9AF6-7C5BF90F4450}</UniqueIdentifier>
    </Filter>
    <Filter Include="Header Files">
      <UniqueIdentifier>{DF96B554-D43E-4995-913E-BF6471AAB7A4}</UniqueIdentifier>
    </Filter>
  </ItemGroup>
</Project>
